Microsoft Visual Studio Solution File, Format Version 11.00
# Visual Studio 2010
Project("{2150E333-8FDC-42A3-9474-1A3956D46DE8}") = "LinderdaumEngine", "LinderdaumEngine", "{A143A898-4DC7-4EF3-9D69-47F8F881194E}"
EndProject
Project("{8BC9CEB8-8B4A-11D0-8D11-00A0C91BC942}") = "LinderdaumEngine", "Linderdaum.vcxproj", "{94A66AF7-A34E-524B-98EE-3B2C169F6C56}"
EndProject
Project("{8BC9CEB8-8B4A-11D0-8D11-00A0C91BC942}") = "Test_Android", "Apps\Test_Android\Test_Android.vcxproj", "{FC14EDE7-7F3D-5E46-B07A-15DA1C30682D}"
	ProjectSection(ProjectDependencies) = postProject
		{94A66AF7-A34E-524B-98EE-3B2C169F6C56} = {94A66AF7-A34E-524B-98EE-3B2C169F6C56}
	EndProjectSection
EndProject
Global
	GlobalSection(SolutionConfigurationPlatforms) = preSolution
		Debug|Any CPU = Debug|Any CPU
		Debug|Mixed Platforms = Debug|Mixed Platforms
		Debug|Win32 = Debug|Win32
		Debug|x64 = Debug|x64
		Debug|x86 = Debug|x86
		Release|Any CPU = Release|Any CPU
		Release|Mixed Platforms = Release|Mixed Platforms
		Release|Win32 = Release|Win32
		Release|x64 = Release|x64
		Release|x86 = Release|x86
	EndGlobalSection
	GlobalSection(ProjectConfigurationPlatforms) = postSolution
		{94A66AF7-A34E-524B-98EE-3B2C169F6C56}.Debug|Any CPU.ActiveCfg = Debug|Win32
		{94A66AF7-A34E-524B-98EE-3B2C169F6C56}.Debug|Mixed Platforms.ActiveCfg = Debug|x64
		{94A66AF7-A34E-524B-98EE-3B2C169F6C56}.Debug|Mixed Platforms.Build.0 = Debug|x64
		{94A66AF7-A34E-524B-98EE-3B2C169F6C56}.Debug|Win32.ActiveCfg = Debug|Win32
		{94A66AF7-A34E-524B-98EE-3B2C169F6C56}.Debug|Win32.Build.0 = Debug|Win32
		{94A66AF7-A34E-524B-98EE-3B2C169F6C56}.Debug|x64.ActiveCfg = Debug|x64
		{94A66AF7-A34E-524B-98EE-3B2C169F6C56}.Debug|x64.Build.0 = Debug|x64
		{94A66AF7-A34E-524B-98EE-3B2C169F6C56}.Debug|x86.ActiveCfg = Debug|Win32
		{94A66AF7-A34E-524B-98EE-3B2C169F6C56}.Debug|x86.Build.0 = Debug|Win32
		{94A66AF7-A34E-524B-98EE-3B2C169F6C56}.Release|Any CPU.ActiveCfg = Release|Win32
		{94A66AF7-A34E-524B-98EE-3B2C169F6C56}.Release|Mixed Platforms.ActiveCfg = Release|x64
		{94A66AF7-A34E-524B-98EE-3B2C169F6C56}.Release|Mixed Platforms.Build.0 = Release|x64
		{94A66AF7-A34E-524B-98EE-3B2C169F6C56}.Release|Win32.ActiveCfg = Release|Win32
		{94A66AF7-A34E-524B-98EE-3B2C169F6C56}.Release|Win32.Build.0 = Release|Win32
		{94A66AF7-A34E-524B-98EE-3B2C169F6C56}.Release|x64.ActiveCfg = Release|x64
		{94A66AF7-A34E-524B-98EE-3B2C169F6C56}.Release|x64.Build.0 = Release|x64
		{94A66AF7-A34E-524B-98EE-3B2C169F6C56}.Release|x86.ActiveCfg = Release|Win32
		{FC14EDE7-7F3D-5E46-B07A-15DA1C30682D}.Debug|Any CPU.ActiveCfg = Debug|x64
		{FC14EDE7-7F3D-5E46-B07A-15DA1C30682D}.Debug|Mixed Platforms.ActiveCfg = Debug|x64
		{FC14EDE7-7F3D-5E46-B07A-15DA1C30682D}.Debug|Mixed Platforms.Build.0 = Debug|x64
		{FC14EDE7-7F3D-5E46-B07A-15DA1C30682D}.Debug|Win32.ActiveCfg = Debug|Win32
		{FC14EDE7-7F3D-5E46-B07A-15DA1C30682D}.Debug|Win32.Build.0 = Debug|Win32
		{FC14EDE7-7F3D-5E46-B07A-15DA1C30682D}.Debug|x64.ActiveCfg = Debug|x64
		{FC14EDE7-7F3D-5E46-B07A-15DA1C30682D}.Debug|x64.Build.0 = Debug|x64
		{FC14EDE7-7F3D-5E46-B07A-15DA1C30682D}.Debug|x86.ActiveCfg = Debug|x64
		{FC14EDE7-7F3D-5E46-B07A-15DA1C30682D}.Release|Any CPU.ActiveCfg = Release|x64
		{FC14EDE7-7F3D-5E46-B07A-15DA1C30682D}.Release|Mixed Platforms.ActiveCfg = Release|x64
		{FC14EDE7-7F3D-5E46-B07A-15DA1C30682D}.Release|Mixed Platforms.Build.0 = Release|x64
		{FC14EDE7-7F3D-5E46-B07A-15DA1C30682D}.Release|Win32.ActiveCfg = Release|Win32
		{FC14EDE7-7F3D-5E46-B07A-15DA1C30682D}.Release|Win32.Build.0 = Release|Win32
		{FC14EDE7-7F3D-5E46-B07A-15DA1C30682D}.Release|x64.ActiveCfg = Release|x64
		{FC14EDE7-7F3D-5E46-B07A-15DA1C30682D}.Release|x64.Build.0 = Release|x64
		{FC14EDE7-7F3D-5E46-B07A-15DA1C30682D}.Release|x86.ActiveCfg = Release|x64
	EndGlobalSection
	GlobalSection(SolutionProperties) = preSolution
		HideSolutionNode = FALSE
	EndGlobalSection
	GlobalSection(NestedProjects) = preSolution
		{94A66AF7-A34E-524B-98EE-3B2C169F6C56} = {A143A898-4DC7-4EF3-9D69-47F8F881194E}
	EndGlobalSection
EndGlobal
