<?xml version="1.0" encoding="utf-8"?>
<Project ToolsVersion="4.0" xmlns="http://schemas.microsoft.com/developer/msbuild/2003">
	<ItemGroup>
		<Filter Include="C:\LinderdaumSDK\Src">
			<UniqueIdentifier>{f0613f46-465f-4c8f-9117-ca9961cacd4d}</UniqueIdentifier>
		</Filter>
		<Filter Include="C:\LinderdaumSDK\Src/Linderdaum">
			<UniqueIdentifier>{ea54a652-7450-4d50-8ffb-32eb6247eb07}</UniqueIdentifier>
		</Filter>
		<Filter Include="C:\LinderdaumSDK\Src/ExtLibs">
			<UniqueIdentifier>{765d676f-4c75-4fb7-9adc-5f7f5fc16577}</UniqueIdentifier>
		</Filter>
		<Filter Include="Src">
			<UniqueIdentifier>{848ce9fc-836b-4aef-8967-6e699749d08d}</UniqueIdentifier>
		</Filter>
		<Filter Include="Src\ExtLibs">
			<UniqueIdentifier>{f05672fa-e885-4be4-b287-a676c416bdf1}</UniqueIdentifier>
		</Filter>
		<Filter Include="Src\ExtLibs\CL">
			<UniqueIdentifier>{124a0192-17e6-4f7d-b4dd-dd6ebaf91202}</UniqueIdentifier>
		</Filter>
		<Filter Include="Src\ExtLibs\DInput">
			<UniqueIdentifier>{b26bd807-d598-4b21-ba66-86ad90b79723}</UniqueIdentifier>
		</Filter>
		<Filter Include="Src\ExtLibs\FMOD">
			<UniqueIdentifier>{65301e1f-fb60-4de8-aba3-c0cac3f55ca1}</UniqueIdentifier>
		</Filter>
		<Filter Include="Src\ExtLibs\GL">
			<UniqueIdentifier>{f392cd8a-60c8-4d08-8f24-d46b839d16d3}</UniqueIdentifier>
		</Filter>
		<Filter Include="Src\ExtLibs\ModPlug">
			<UniqueIdentifier>{3f3af2b8-8582-475e-8a38-cdf77677f903}</UniqueIdentifier>
		</Filter>
		<Filter Include="Src\ExtLibs\OpenAL">
			<UniqueIdentifier>{ead29aa6-26ec-40f6-bafd-d242371728c4}</UniqueIdentifier>
		</Filter>
		<Filter Include="Src\ExtLibs\RSC">
			<UniqueIdentifier>{91a09309-3032-45b3-9aaa-eb9428affa8f}</UniqueIdentifier>
		</Filter>
		<Filter Include="Src\ExtLibs\Vorbis">
			<UniqueIdentifier>{8b3ae69b-1688-416d-ac35-bdcebe09e544}</UniqueIdentifier>
		</Filter>
		<Filter Include="Src\ExtLibs\Vorbis\ogg">
			<UniqueIdentifier>{2e27695d-01d4-4a53-a26f-287575feb50e}</UniqueIdentifier>
		</Filter>
		<Filter Include="Src\Generated">
			<UniqueIdentifier>{e0032d56-0478-4e66-9b33-0e656d5d8df1}</UniqueIdentifier>
		</Filter>
		<Filter Include="Src\Generated\Exports">
			<UniqueIdentifier>{f0e56973-7482-48d4-adcd-14912df71f44}</UniqueIdentifier>
		</Filter>
		<Filter Include="Src\Generated\Globals">
			<UniqueIdentifier>{ad6d5bdb-1c9e-4e13-8dfa-5d13f77ef9d9}</UniqueIdentifier>
		</Filter>
		<Filter Include="Src\Generated\LAL">
			<UniqueIdentifier>{c4f7bc1a-a55d-4dcb-8cba-f7be8273e27b}</UniqueIdentifier>
		</Filter>
		<Filter Include="Src\Generated\LCL">
			<UniqueIdentifier>{40451d52-2e9e-4fe0-a088-9c9142b5bf39}</UniqueIdentifier>
		</Filter>
		<Filter Include="Src\Generated\LGL">
			<UniqueIdentifier>{db7c0c0e-92c1-4c69-90dc-d00589f8aabb}</UniqueIdentifier>
		</Filter>
		<Filter Include="Src\Generated\Serialization">
			<UniqueIdentifier>{9f695d0c-7bff-4a0c-b16a-3e1321211e27}</UniqueIdentifier>
		</Filter>
		<Filter Include="Src\Generated\VM">
			<UniqueIdentifier>{5252635e-7af1-49b5-a3b9-3e52e195274a}</UniqueIdentifier>
		</Filter>
		<Filter Include="Src\Linderdaum">
			<UniqueIdentifier>{c3efc47e-960b-417e-82ef-6c52c6dec8af}</UniqueIdentifier>
		</Filter>
		<Filter Include="Src\Linderdaum\Audio">
			<UniqueIdentifier>{ca3a4fbe-8974-40ca-a820-b1eeb7f019b1}</UniqueIdentifier>
		</Filter>
		<Filter Include="Src\Linderdaum\Core">
			<UniqueIdentifier>{251c3366-2415-42f7-a11e-23625356b8f1}</UniqueIdentifier>
		</Filter>
		<Filter Include="Src\Linderdaum\Core\RTTI">
			<UniqueIdentifier>{9e1af64d-b298-4ade-bd6e-5c6bed98a83f}</UniqueIdentifier>
		</Filter>
		<Filter Include="Src\Linderdaum\Core\VFS">
			<UniqueIdentifier>{708127bc-efcc-4c2a-8fc1-48c5620fe627}</UniqueIdentifier>
		</Filter>
		<Filter Include="Src\Linderdaum\Geometry">
			<UniqueIdentifier>{c75203db-8531-4a70-a829-d25f7916c26c}</UniqueIdentifier>
		</Filter>
		<Filter Include="Src\Linderdaum\GUI">
			<UniqueIdentifier>{346e575d-baea-4b9a-be53-c35c948e97a4}</UniqueIdentifier>
		</Filter>
		<Filter Include="Src\Linderdaum\GUI\ComCtl">
			<UniqueIdentifier>{f93151ad-9f26-4fcb-a6b5-e9eb049f18e3}</UniqueIdentifier>
		</Filter>
		<Filter Include="Src\Linderdaum\GUI\Transitions">
			<UniqueIdentifier>{fc8f0485-8757-4192-869c-e05d196fafa2}</UniqueIdentifier>
		</Filter>
		<Filter Include="Src\Linderdaum\Images">
			<UniqueIdentifier>{7253d168-8a61-4ba5-ad39-fed6e6d2b8eb}</UniqueIdentifier>
		</Filter>
		<Filter Include="Src\Linderdaum\Input">
			<UniqueIdentifier>{fc15f481-0048-4ef7-9af6-3c7e7a821802}</UniqueIdentifier>
		</Filter>
		<Filter Include="Src\Linderdaum\Math">
			<UniqueIdentifier>{060f534a-32bb-44e1-ba8f-6e35678a687c}</UniqueIdentifier>
		</Filter>
		<Filter Include="Src\Linderdaum\Network">
			<UniqueIdentifier>{580f2a83-d73f-402e-9dab-959df5c1718e}</UniqueIdentifier>
		</Filter>
		<Filter Include="Src\Linderdaum\Physics">
			<UniqueIdentifier>{2cc03c6d-7caf-49c6-8418-e7ebe772b91a}</UniqueIdentifier>
		</Filter>
		<Filter Include="Src\Linderdaum\Renderer">
			<UniqueIdentifier>{88cbe8bd-5e32-4b29-b4fe-cecc26980fdc}</UniqueIdentifier>
		</Filter>
		<Filter Include="Src\Linderdaum\Renderer\CL">
			<UniqueIdentifier>{2e2c98dd-727d-422b-941c-a4adceddcd9b}</UniqueIdentifier>
		</Filter>
		<Filter Include="Src\Linderdaum\Renderer\DX11">
			<UniqueIdentifier>{0f7a298a-9800-4a87-b48f-9bb55f35d292}</UniqueIdentifier>
		</Filter>
		<Filter Include="Src\Linderdaum\Renderer\GL">
			<UniqueIdentifier>{69d2105b-efe0-42ee-94e3-81addcc1299f}</UniqueIdentifier>
		</Filter>
		<Filter Include="Src\Linderdaum\Renderer\Soft">
			<UniqueIdentifier>{93957e61-c26b-44a7-b05a-899771e81ce8}</UniqueIdentifier>
		</Filter>
		<Filter Include="Src\Linderdaum\Resources">
			<UniqueIdentifier>{b3b8f0eb-97f4-42be-951c-9034dd6c6e81}</UniqueIdentifier>
		</Filter>
		<Filter Include="Src\Linderdaum\Scene">
			<UniqueIdentifier>{5b15ab22-3226-4648-902f-2525e837c4e0}</UniqueIdentifier>
		</Filter>
		<Filter Include="Src\Linderdaum\Scene\Heightmaps">
			<UniqueIdentifier>{3d9a4ce9-9302-4746-bedd-96cbe8ac99be}</UniqueIdentifier>
		</Filter>
		<Filter Include="Src\Linderdaum\Scene\Particles">
			<UniqueIdentifier>{e48c07c6-d785-457e-9de5-4ce36780a07b}</UniqueIdentifier>
		</Filter>
		<Filter Include="Src\Linderdaum\Scene\Postprocess">
			<UniqueIdentifier>{008bcd28-7efd-4db1-a79d-6b522ea2f43b}</UniqueIdentifier>
		</Filter>
		<Filter Include="Src\Linderdaum\Scene\Terrain">
			<UniqueIdentifier>{87b92fa5-0e71-4f15-aa0c-23bbee6d0f86}</UniqueIdentifier>
		</Filter>
		<Filter Include="Src\Linderdaum\UnitTests">
			<UniqueIdentifier>{7b3ad933-e4fa-40ee-a7ac-7ea83020aa87}</UniqueIdentifier>
		</Filter>
		<Filter Include="Src\Linderdaum\UnitTests\Tests">
			<UniqueIdentifier>{7ddca5f1-af42-4134-bb41-397b864ac1ae}</UniqueIdentifier>
		</Filter>
		<Filter Include="Src\Linderdaum\Utils">
			<UniqueIdentifier>{a69b97e7-e337-4b81-9376-675b9c519877}</UniqueIdentifier>
		</Filter>
		<Filter Include="Src\Linderdaum\VisualScene">
			<UniqueIdentifier>{e3338a11-ca93-4e9f-bb53-5dd17df07e9e}</UniqueIdentifier>
		</Filter>
		<Filter Include="Src\Linderdaum\World">
			<UniqueIdentifier>{d34fe94a-ffc7-4d1e-9cf2-c9ff0ff43a42}</UniqueIdentifier>
		</Filter>
		<Filter Include="Src\Linderdaum\World\AI">
			<UniqueIdentifier>{0be43011-4db8-4769-ad38-82c394398fda}</UniqueIdentifier>
		</Filter>
	</ItemGroup>
	<ItemGroup>
		<ClCompile Include="Src\Generated\Exports\Exports_Core.cpp">
			<Filter>Src\Generated\Exports</Filter>
		</ClCompile>
		<ClCompile Include="Src\Generated\Exports\ExpReg_Core1.cpp">
			<Filter>Src\Generated\Exports</Filter>
		</ClCompile>
		<ClCompile Include="Src\Generated\Exports\ExpReg_Core2.cpp">
			<Filter>Src\Generated\Exports</Filter>
		</ClCompile>
		<ClCompile Include="Src\Generated\Exports\ExpReg_Core3.cpp">
			<Filter>Src\Generated\Exports</Filter>
		</ClCompile>
		<ClCompile Include="Src\Generated\Exports\ExpReg_Core4.cpp">
			<Filter>Src\Generated\Exports</Filter>
		</ClCompile>
		<ClCompile Include="Src\Generated\Exports\ExpReg_Core5.cpp">
			<Filter>Src\Generated\Exports</Filter>
		</ClCompile>
		<ClCompile Include="Src\Generated\Exports\ExpReg_Core6.cpp">
			<Filter>Src\Generated\Exports</Filter>
		</ClCompile>
		<ClCompile Include="Src\Generated\Exports\ExpReg_Core7.cpp">
			<Filter>Src\Generated\Exports</Filter>
		</ClCompile>
		<ClCompile Include="Src\Generated\Globals\ColorRegistration.cpp">
			<Filter>Src\Generated\Globals</Filter>
		</ClCompile>
		<ClCompile Include="Src\Generated\Globals\KeySymbolsRegistration.cpp">
			<Filter>Src\Generated\Globals</Filter>
		</ClCompile>
		<ClCompile Include="Src\Generated\Globals\LColors.cpp">
			<Filter>Src\Generated\Globals</Filter>
		</ClCompile>
		<ClCompile Include="Src\Generated\LAL\LAL.cpp">
			<Filter>Src\Generated\LAL</Filter>
		</ClCompile>
		<ClCompile Include="Src\Generated\LCL\LCL.cpp">
			<Filter>Src\Generated\LCL</Filter>
		</ClCompile>
		<ClCompile Include="Src\Generated\LGL\LGL.cpp">
			<Filter>Src\Generated\LGL</Filter>
		</ClCompile>
		<ClCompile Include="Src\Generated\LGL\LGLTracer.cpp">
			<Filter>Src\Generated\LGL</Filter>
		</ClCompile>
		<ClCompile Include="Src\Generated\Serialization\Serialization_LinderdaumCore.cpp">
			<Filter>Src\Generated\Serialization</Filter>
		</ClCompile>
		<ClCompile Include="Src\Linderdaum\Audio\Audio.cpp">
			<Filter>Src\Linderdaum\Audio</Filter>
		</ClCompile>
		<ClCompile Include="Src\Linderdaum\Audio\Audio_FMOD.cpp">
			<Filter>Src\Linderdaum\Audio</Filter>
		</ClCompile>
		<ClCompile Include="Src\Linderdaum\Audio\Audio_OpenAL.cpp">
			<Filter>Src\Linderdaum\Audio</Filter>
		</ClCompile>
		<ClCompile Include="Src\Linderdaum\Audio\MOD.cpp">
			<Filter>Src\Linderdaum\Audio</Filter>
		</ClCompile>
		<ClCompile Include="Src\Linderdaum\Audio\OGG.cpp">
			<Filter>Src\Linderdaum\Audio</Filter>
		</ClCompile>
		<ClCompile Include="Src\Linderdaum\Core\Console.cpp">
			<Filter>Src\Linderdaum\Core</Filter>
		</ClCompile>
		<ClCompile Include="Src\Linderdaum\Core\CVars.cpp">
			<Filter>Src\Linderdaum\Core</Filter>
		</ClCompile>
		<ClCompile Include="Src\Linderdaum\Core\iObject.cpp">
			<Filter>Src\Linderdaum\Core</Filter>
		</ClCompile>
		<ClCompile Include="Src\Linderdaum\Core\Linker.cpp">
			<Filter>Src\Linderdaum\Core</Filter>
		</ClCompile>
		<ClCompile Include="Src\Linderdaum\Core\Logger.cpp">
			<Filter>Src\Linderdaum\Core</Filter>
		</ClCompile>
		<ClCompile Include="Src\Linderdaum\Core\RTTI\Field.cpp">
			<Filter>Src\Linderdaum\Core\RTTI</Filter>
		</ClCompile>
		<ClCompile Include="Src\Linderdaum\Core\RTTI\iStaticClass.cpp">
			<Filter>Src\Linderdaum\Core\RTTI</Filter>
		</ClCompile>
		<ClCompile Include="Src\Linderdaum\Core\RTTI\Property.cpp">
			<Filter>Src\Linderdaum\Core\RTTI</Filter>
		</ClCompile>
		<ClCompile Include="Src\Linderdaum\Core\RTTI\State.cpp">
			<Filter>Src\Linderdaum\Core\RTTI</Filter>
		</ClCompile>
		<ClCompile Include="Src\Linderdaum\Core\Script.cpp">
			<Filter>Src\Linderdaum\Core</Filter>
		</ClCompile>
		<ClCompile Include="Src\Linderdaum\Core\ScriptCompiler.cpp">
			<Filter>Src\Linderdaum\Core</Filter>
		</ClCompile>
		<ClCompile Include="Src\Linderdaum\Core\UUID.cpp">
			<Filter>Src\Linderdaum\Core</Filter>
		</ClCompile>
		<ClCompile Include="Src\Linderdaum\Core\VFS\Archive.cpp">
			<Filter>Src\Linderdaum\Core\VFS</Filter>
		</ClCompile>
		<ClCompile Include="Src\Linderdaum\Core\VFS\Files.cpp">
			<Filter>Src\Linderdaum\Core\VFS</Filter>
		</ClCompile>
		<ClCompile Include="Src\Linderdaum\Core\VFS\FileSystem.cpp">
			<Filter>Src\Linderdaum\Core\VFS</Filter>
		</ClCompile>
		<ClCompile Include="Src\Linderdaum\Core\VFS\libcompress.c">
			<Filter>Src\Linderdaum\Core\VFS</Filter>
		</ClCompile>
		<ClCompile Include="Src\Linderdaum\Core\VFS\ML.cpp">
			<Filter>Src\Linderdaum\Core\VFS</Filter>
		</ClCompile>
		<ClCompile Include="Src\Linderdaum\Core\VFS\MountPoint.cpp">
			<Filter>Src\Linderdaum\Core\VFS</Filter>
		</ClCompile>
		<ClCompile Include="Src\Linderdaum\Core\VFS\pugixml.cpp">
			<Filter>Src\Linderdaum\Core\VFS</Filter>
		</ClCompile>
		<ClCompile Include="Src\Linderdaum\Environment.cpp">
			<Filter>Src\Linderdaum</Filter>
		</ClCompile>
		<ClCompile Include="Src\Linderdaum\Geometry\Animation.cpp">
			<Filter>Src\Linderdaum\Geometry</Filter>
		</ClCompile>
		<ClCompile Include="Src\Linderdaum\Geometry\ASE.cpp">
			<Filter>Src\Linderdaum\Geometry</Filter>
		</ClCompile>
		<ClCompile Include="Src\Linderdaum\Geometry\Geom.cpp">
			<Filter>Src\Linderdaum\Geometry</Filter>
		</ClCompile>
		<ClCompile Include="Src\Linderdaum\Geometry\GeomServ.cpp">
			<Filter>Src\Linderdaum\Geometry</Filter>
		</ClCompile>
		<ClCompile Include="Src\Linderdaum\Geometry\Joints.cpp">
			<Filter>Src\Linderdaum\Geometry</Filter>
		</ClCompile>
		<ClCompile Include="Src\Linderdaum\Geometry\LCM.cpp">
			<Filter>Src\Linderdaum\Geometry</Filter>
		</ClCompile>
		<ClCompile Include="Src\Linderdaum\Geometry\MD5.cpp">
			<Filter>Src\Linderdaum\Geometry</Filter>
		</ClCompile>
		<ClCompile Include="Src\Linderdaum\Geometry\Mesh.cpp">
			<Filter>Src\Linderdaum\Geometry</Filter>
		</ClCompile>
		<ClCompile Include="Src\Linderdaum\Geometry\Surfaces.cpp">
			<Filter>Src\Linderdaum\Geometry</Filter>
		</ClCompile>
		<ClCompile Include="Src\Linderdaum\Geometry\VAMender.cpp">
			<Filter>Src\Linderdaum\Geometry</Filter>
		</ClCompile>
		<ClCompile Include="Src\Linderdaum\Geometry\VertexAttribs.cpp">
			<Filter>Src\Linderdaum\Geometry</Filter>
		</ClCompile>
		<ClCompile Include="Src\Linderdaum\GUI\ComCtl\I_BorderPanel.cpp">
			<Filter>Src\Linderdaum\GUI\ComCtl</Filter>
		</ClCompile>
		<ClCompile Include="Src\Linderdaum\GUI\ComCtl\I_Bubbles.cpp">
			<Filter>Src\Linderdaum\GUI\ComCtl</Filter>
		</ClCompile>
		<ClCompile Include="Src\Linderdaum\GUI\ComCtl\I_Button.cpp">
			<Filter>Src\Linderdaum\GUI\ComCtl</Filter>
		</ClCompile>
		<ClCompile Include="Src\Linderdaum\GUI\ComCtl\I_Checkable.cpp">
			<Filter>Src\Linderdaum\GUI\ComCtl</Filter>
		</ClCompile>
		<ClCompile Include="Src\Linderdaum\GUI\ComCtl\I_CheckBox.cpp">
			<Filter>Src\Linderdaum\GUI\ComCtl</Filter>
		</ClCompile>
		<ClCompile Include="Src\Linderdaum\GUI\ComCtl\I_ColorDial.cpp">
			<Filter>Src\Linderdaum\GUI\ComCtl</Filter>
		</ClCompile>
		<ClCompile Include="Src\Linderdaum\GUI\ComCtl\I_DialogWindow.cpp">
			<Filter>Src\Linderdaum\GUI\ComCtl</Filter>
		</ClCompile>
		<ClCompile Include="Src\Linderdaum\GUI\ComCtl\I_FSGraph.cpp">
			<Filter>Src\Linderdaum\GUI\ComCtl</Filter>
		</ClCompile>
		<ClCompile Include="Src\Linderdaum\GUI\ComCtl\I_Gauge.cpp">
			<Filter>Src\Linderdaum\GUI\ComCtl</Filter>
		</ClCompile>
		<ClCompile Include="Src\Linderdaum\GUI\ComCtl\I_InputLine.cpp">
			<Filter>Src\Linderdaum\GUI\ComCtl</Filter>
		</ClCompile>
		<ClCompile Include="Src\Linderdaum\GUI\ComCtl\I_ListBox.cpp">
			<Filter>Src\Linderdaum\GUI\ComCtl</Filter>
		</ClCompile>
		<ClCompile Include="Src\Linderdaum\GUI\ComCtl\I_Memo.cpp">
			<Filter>Src\Linderdaum\GUI\ComCtl</Filter>
		</ClCompile>
		<ClCompile Include="Src\Linderdaum\GUI\ComCtl\I_MtxView.cpp">
			<Filter>Src\Linderdaum\GUI\ComCtl</Filter>
		</ClCompile>
		<ClCompile Include="Src\Linderdaum\GUI\ComCtl\I_Page.cpp">
			<Filter>Src\Linderdaum\GUI\ComCtl</Filter>
		</ClCompile>
		<ClCompile Include="Src\Linderdaum\GUI\ComCtl\I_Panel.cpp">
			<Filter>Src\Linderdaum\GUI\ComCtl</Filter>
		</ClCompile>
		<ClCompile Include="Src\Linderdaum\GUI\ComCtl\I_PushButton.cpp">
			<Filter>Src\Linderdaum\GUI\ComCtl</Filter>
		</ClCompile>
		<ClCompile Include="Src\Linderdaum\GUI\ComCtl\I_RadioButton.cpp">
			<Filter>Src\Linderdaum\GUI\ComCtl</Filter>
		</ClCompile>
		<ClCompile Include="Src\Linderdaum\GUI\ComCtl\I_RadioGroup.cpp">
			<Filter>Src\Linderdaum\GUI\ComCtl</Filter>
		</ClCompile>
		<ClCompile Include="Src\Linderdaum\GUI\ComCtl\I_SceneView.cpp">
			<Filter>Src\Linderdaum\GUI\ComCtl</Filter>
		</ClCompile>
		<ClCompile Include="Src\Linderdaum\GUI\ComCtl\I_Scroller.cpp">
			<Filter>Src\Linderdaum\GUI\ComCtl</Filter>
		</ClCompile>
		<ClCompile Include="Src\Linderdaum\GUI\ComCtl\I_Sidebar.cpp">
			<Filter>Src\Linderdaum\GUI\ComCtl</Filter>
		</ClCompile>
		<ClCompile Include="Src\Linderdaum\GUI\ComCtl\I_Slider.cpp">
			<Filter>Src\Linderdaum\GUI\ComCtl</Filter>
		</ClCompile>
		<ClCompile Include="Src\Linderdaum\GUI\ComCtl\I_Splitters.cpp">
			<Filter>Src\Linderdaum\GUI\ComCtl</Filter>
		</ClCompile>
		<ClCompile Include="Src\Linderdaum\GUI\ComCtl\I_StaticRect.cpp">
			<Filter>Src\Linderdaum\GUI\ComCtl</Filter>
		</ClCompile>
		<ClCompile Include="Src\Linderdaum\GUI\ComCtl\I_StaticWidget.cpp">
			<Filter>Src\Linderdaum\GUI\ComCtl</Filter>
		</ClCompile>
		<ClCompile Include="Src\Linderdaum\GUI\ComCtl\I_StdConsole.cpp">
			<Filter>Src\Linderdaum\GUI\ComCtl</Filter>
		</ClCompile>
		<ClCompile Include="Src\Linderdaum\GUI\ComCtl\I_TabControl.cpp">
			<Filter>Src\Linderdaum\GUI\ComCtl</Filter>
		</ClCompile>
		<ClCompile Include="Src\Linderdaum\GUI\ComCtl\I_TransitionPage.cpp">
			<Filter>Src\Linderdaum\GUI\ComCtl</Filter>
		</ClCompile>
		<ClCompile Include="Src\Linderdaum\GUI\ComCtl\I_Window.cpp">
			<Filter>Src\Linderdaum\GUI\ComCtl</Filter>
		</ClCompile>
		<ClCompile Include="Src\Linderdaum\GUI\FlowUI.cpp">
			<Filter>Src\Linderdaum\GUI</Filter>
		</ClCompile>
		<ClCompile Include="Src\Linderdaum\GUI\GUIDesktop.cpp">
			<Filter>Src\Linderdaum\GUI</Filter>
		</ClCompile>
		<ClCompile Include="Src\Linderdaum\GUI\GUIManager.cpp">
			<Filter>Src\Linderdaum\GUI</Filter>
		</ClCompile>
		<ClCompile Include="Src\Linderdaum\GUI\iGUIRegion.cpp">
			<Filter>Src\Linderdaum\GUI</Filter>
		</ClCompile>
		<ClCompile Include="Src\Linderdaum\GUI\iGUIResponder.cpp">
			<Filter>Src\Linderdaum\GUI</Filter>
		</ClCompile>
		<ClCompile Include="Src\Linderdaum\GUI\iGUIView.cpp">
			<Filter>Src\Linderdaum\GUI</Filter>
		</ClCompile>
		<ClCompile Include="Src\Linderdaum\GUI\Transitions\I_CrossFade.cpp">
			<Filter>Src\Linderdaum\GUI\Transitions</Filter>
		</ClCompile>
		<ClCompile Include="Src\Linderdaum\GUI\Transitions\I_Slide.cpp">
			<Filter>Src\Linderdaum\GUI\Transitions</Filter>
		</ClCompile>
		<ClCompile Include="Src\Linderdaum\Images\Bitmap.cpp">
			<Filter>Src\Linderdaum\Images</Filter>
		</ClCompile>
		<ClCompile Include="Src\Linderdaum\Images\FI_Utils.cpp">
			<Filter>Src\Linderdaum\Images</Filter>
		</ClCompile>
		<ClCompile Include="Src\Linderdaum\Images\Guillotine.cpp">
			<Filter>Src\Linderdaum\Images</Filter>
		</ClCompile>
		<ClCompile Include="Src\Linderdaum\Images\Image.cpp">
			<Filter>Src\Linderdaum\Images</Filter>
		</ClCompile>
		<ClCompile Include="Src\Linderdaum\Images\ImageCache.cpp">
			<Filter>Src\Linderdaum\Images</Filter>
		</ClCompile>
		<ClCompile Include="Src\Linderdaum\Images\ImageList.cpp">
			<Filter>Src\Linderdaum\Images</Filter>
		</ClCompile>
		<ClCompile Include="Src\Linderdaum\Images\ImgLoad.cpp">
			<Filter>Src\Linderdaum\Images</Filter>
		</ClCompile>
		<ClCompile Include="Src\Linderdaum\Images\RAW.cpp">
			<Filter>Src\Linderdaum\Images</Filter>
		</ClCompile>
		<ClCompile Include="Src\Linderdaum\Images\TextRenderer.cpp">
			<Filter>Src\Linderdaum\Images</Filter>
		</ClCompile>
		<ClCompile Include="Src\Linderdaum\Images\VolumeLib.cpp">
			<Filter>Src\Linderdaum\Images</Filter>
		</ClCompile>
		<ClCompile Include="Src\Linderdaum\Input\Gestures.cpp">
			<Filter>Src\Linderdaum\Input</Filter>
		</ClCompile>
		<ClCompile Include="Src\Linderdaum\Input\Gestures2.cpp">
			<Filter>Src\Linderdaum\Input</Filter>
		</ClCompile>
		<ClCompile Include="Src\Linderdaum\Input\Input.cpp">
			<Filter>Src\Linderdaum\Input</Filter>
		</ClCompile>
		<ClCompile Include="Src\Linderdaum\Input\NetDevices.cpp">
			<Filter>Src\Linderdaum\Input</Filter>
		</ClCompile>
		<ClCompile Include="Src\Linderdaum\Input\OSInput.cpp">
			<Filter>Src\Linderdaum\Input</Filter>
		</ClCompile>
		<ClCompile Include="Src\Linderdaum\Input\ScreenJoystick.cpp">
			<Filter>Src\Linderdaum\Input</Filter>
		</ClCompile>
		<ClCompile Include="Src\Linderdaum\LString.cpp">
			<Filter>Src\Linderdaum</Filter>
		</ClCompile>
		<ClCompile Include="Src\Linderdaum\Math\Collision.cpp">
			<Filter>Src\Linderdaum\Math</Filter>
		</ClCompile>
		<ClCompile Include="Src\Linderdaum\Math\LAABB.cpp">
			<Filter>Src\Linderdaum\Math</Filter>
		</ClCompile>
		<ClCompile Include="Src\Linderdaum\Math\LBox.cpp">
			<Filter>Src\Linderdaum\Math</Filter>
		</ClCompile>
		<ClCompile Include="Src\Linderdaum\Math\LCurve.cpp">
			<Filter>Src\Linderdaum\Math</Filter>
		</ClCompile>
		<ClCompile Include="Src\Linderdaum\Math\LFFT.cpp">
			<Filter>Src\Linderdaum\Math</Filter>
		</ClCompile>
		<ClCompile Include="Src\Linderdaum\Math\LFrustum.cpp">
			<Filter>Src\Linderdaum\Math</Filter>
		</ClCompile>
		<ClCompile Include="Src\Linderdaum\Math\LGeomUtils.cpp">
			<Filter>Src\Linderdaum\Math</Filter>
		</ClCompile>
		<ClCompile Include="Src\Linderdaum\Math\LGraph.cpp">
			<Filter>Src\Linderdaum\Math</Filter>
		</ClCompile>
		<ClCompile Include="Src\Linderdaum\Math\LMathStrings.cpp">
			<Filter>Src\Linderdaum\Math</Filter>
		</ClCompile>
		<ClCompile Include="Src\Linderdaum\Math\LMatrix.cpp">
			<Filter>Src\Linderdaum\Math</Filter>
		</ClCompile>
		<ClCompile Include="Src\Linderdaum\Math\LOBB.cpp">
			<Filter>Src\Linderdaum\Math</Filter>
		</ClCompile>
		<ClCompile Include="Src\Linderdaum\Math\LPoly.cpp">
			<Filter>Src\Linderdaum\Math</Filter>
		</ClCompile>
		<ClCompile Include="Src\Linderdaum\Math\LProjection.cpp">
			<Filter>Src\Linderdaum\Math</Filter>
		</ClCompile>
		<ClCompile Include="Src\Linderdaum\Math\LRandom.cpp">
			<Filter>Src\Linderdaum\Math</Filter>
		</ClCompile>
		<ClCompile Include="Src\Linderdaum\Math\LSphere.cpp">
			<Filter>Src\Linderdaum\Math</Filter>
		</ClCompile>
		<ClCompile Include="Src\Linderdaum\Math\LTransform.cpp">
			<Filter>Src\Linderdaum\Math</Filter>
		</ClCompile>
		<ClCompile Include="Src\Linderdaum\Math\LVector.cpp">
			<Filter>Src\Linderdaum\Math</Filter>
		</ClCompile>
		<ClCompile Include="Src\Linderdaum\Network\HTTP.cpp">
			<Filter>Src\Linderdaum\Network</Filter>
		</ClCompile>
		<ClCompile Include="Src\Linderdaum\Network\Network.cpp">
			<Filter>Src\Linderdaum\Network</Filter>
		</ClCompile>
		<ClCompile Include="Src\Linderdaum\Physics\BodyControllers.cpp">
			<Filter>Src\Linderdaum\Physics</Filter>
		</ClCompile>
		<ClCompile Include="Src\Linderdaum\Physics\BoxLite.cpp">
			<Filter>Src\Linderdaum\Physics</Filter>
		</ClCompile>
		<ClCompile Include="Src\Linderdaum\Physics\BoxScene.cpp">
			<Filter>Src\Linderdaum\Physics</Filter>
		</ClCompile>
		<ClCompile Include="Src\Linderdaum\Physics\Collider.cpp">
			<Filter>Src\Linderdaum\Physics</Filter>
		</ClCompile>
		<ClCompile Include="Src\Linderdaum\Physics\CollisionIntervals.cpp">
			<Filter>Src\Linderdaum\Physics</Filter>
		</ClCompile>
		<ClCompile Include="Src\Linderdaum\Physics\CollisionShape.cpp">
			<Filter>Src\Linderdaum\Physics</Filter>
		</ClCompile>
		<ClCompile Include="Src\Linderdaum\Physics\Control.cpp">
			<Filter>Src\Linderdaum\Physics</Filter>
		</ClCompile>
		<ClCompile Include="Src\Linderdaum\Physics\RigidBody.cpp">
			<Filter>Src\Linderdaum\Physics</Filter>
		</ClCompile>
		<ClCompile Include="Src\Linderdaum\Physics\SimplePhysics.cpp">
			<Filter>Src\Linderdaum\Physics</Filter>
		</ClCompile>
		<ClCompile Include="Src\Linderdaum\Renderer\Canvas.cpp">
			<Filter>Src\Linderdaum\Renderer</Filter>
		</ClCompile>
		<ClCompile Include="Src\Linderdaum\Renderer\CL\CLContext.cpp">
			<Filter>Src\Linderdaum\Renderer\CL</Filter>
		</ClCompile>
		<ClCompile Include="Src\Linderdaum\Renderer\DX11\DX11RenderContext.cpp">
			<Filter>Src\Linderdaum\Renderer\DX11</Filter>
		</ClCompile>
		<ClCompile Include="Src\Linderdaum\Renderer\GL\GLAPIContainer.cpp">
			<Filter>Src\Linderdaum\Renderer\GL</Filter>
		</ClCompile>
		<ClCompile Include="Src\Linderdaum\Renderer\GL\GLBuffer.cpp">
			<Filter>Src\Linderdaum\Renderer\GL</Filter>
		</ClCompile>
		<ClCompile Include="Src\Linderdaum\Renderer\GL\GLDebug.cpp">
			<Filter>Src\Linderdaum\Renderer\GL</Filter>
		</ClCompile>
		<ClCompile Include="Src\Linderdaum\Renderer\GL\GLFrameBuffer.cpp">
			<Filter>Src\Linderdaum\Renderer\GL</Filter>
		</ClCompile>
		<ClCompile Include="Src\Linderdaum\Renderer\GL\GLQuery.cpp">
			<Filter>Src\Linderdaum\Renderer\GL</Filter>
		</ClCompile>
		<ClCompile Include="Src\Linderdaum\Renderer\GL\GLRenderContext.cpp">
			<Filter>Src\Linderdaum\Renderer\GL</Filter>
		</ClCompile>
		<ClCompile Include="Src\Linderdaum\Renderer\GL\GLSL.cpp">
			<Filter>Src\Linderdaum\Renderer\GL</Filter>
		</ClCompile>
		<ClCompile Include="Src\Linderdaum\Renderer\GL\GLTexture.cpp">
			<Filter>Src\Linderdaum\Renderer\GL</Filter>
		</ClCompile>
		<ClCompile Include="Src\Linderdaum\Renderer\GL\GLVertexArray.cpp">
			<Filter>Src\Linderdaum\Renderer\GL</Filter>
		</ClCompile>
		<ClCompile Include="Src\Linderdaum\Renderer\iRenderContext.cpp">
			<Filter>Src\Linderdaum\Renderer</Filter>
		</ClCompile>
		<ClCompile Include="Src\Linderdaum\Renderer\iShaderProgram.cpp">
			<Filter>Src\Linderdaum\Renderer</Filter>
		</ClCompile>
		<ClCompile Include="Src\Linderdaum\Renderer\iTexture.cpp">
			<Filter>Src\Linderdaum\Renderer</Filter>
		</ClCompile>
		<ClCompile Include="Src\Linderdaum\Renderer\iVertexArray.cpp">
			<Filter>Src\Linderdaum\Renderer</Filter>
		</ClCompile>
		<ClCompile Include="Src\Linderdaum\Renderer\RenderState.cpp">
			<Filter>Src\Linderdaum\Renderer</Filter>
		</ClCompile>
		<ClCompile Include="Src\Linderdaum\Renderer\Soft\SoftFrameBuffer.cpp">
			<Filter>Src\Linderdaum\Renderer\Soft</Filter>
		</ClCompile>
		<ClCompile Include="Src\Linderdaum\Renderer\Soft\SoftRenderContext.cpp">
			<Filter>Src\Linderdaum\Renderer\Soft</Filter>
		</ClCompile>
		<ClCompile Include="Src\Linderdaum\Renderer\VolumeRenderer.cpp">
			<Filter>Src\Linderdaum\Renderer</Filter>
		</ClCompile>
		<ClCompile Include="Src\Linderdaum\Resources\iResource.cpp">
			<Filter>Src\Linderdaum\Resources</Filter>
		</ClCompile>
		<ClCompile Include="Src\Linderdaum\Resources\ResourcesManager.cpp">
			<Filter>Src\Linderdaum\Resources</Filter>
		</ClCompile>
		<ClCompile Include="Src\Linderdaum\Resources\VFW.cpp">
			<Filter>Src\Linderdaum\Resources</Filter>
		</ClCompile>
		<ClCompile Include="Src\Linderdaum\Scene\CSM.cpp">
			<Filter>Src\Linderdaum\Scene</Filter>
		</ClCompile>
		<ClCompile Include="Src\Linderdaum\Scene\GameCamera.cpp">
			<Filter>Src\Linderdaum\Scene</Filter>
		</ClCompile>
		<ClCompile Include="Src\Linderdaum\Scene\Heightmaps\HeightMapFacetter.cpp">
			<Filter>Src\Linderdaum\Scene\Heightmaps</Filter>
		</ClCompile>
		<ClCompile Include="Src\Linderdaum\Scene\Heightmaps\LHeightMap.cpp">
			<Filter>Src\Linderdaum\Scene\Heightmaps</Filter>
		</ClCompile>
		<ClCompile Include="Src\Linderdaum\Scene\iUpdater.cpp">
			<Filter>Src\Linderdaum\Scene</Filter>
		</ClCompile>
		<ClCompile Include="Src\Linderdaum\Scene\LVLib.cpp">
			<Filter>Src\Linderdaum\Scene</Filter>
		</ClCompile>
		<ClCompile Include="Src\Linderdaum\Scene\Material.cpp">
			<Filter>Src\Linderdaum\Scene</Filter>
		</ClCompile>
		<ClCompile Include="Src\Linderdaum\Scene\Particles\GPUParticles.cpp">
			<Filter>Src\Linderdaum\Scene\Particles</Filter>
		</ClCompile>
		<ClCompile Include="Src\Linderdaum\Scene\Particles\ParticleSystem.cpp">
			<Filter>Src\Linderdaum\Scene\Particles</Filter>
		</ClCompile>
		<ClCompile Include="Src\Linderdaum\Scene\Postprocess\ASSAO.cpp">
			<Filter>Src\Linderdaum\Scene\Postprocess</Filter>
		</ClCompile>
		<ClCompile Include="Src\Linderdaum\Scene\Postprocess\FeedbackScreen.cpp">
			<Filter>Src\Linderdaum\Scene\Postprocess</Filter>
		</ClCompile>
		<ClCompile Include="Src\Linderdaum\Scene\Postprocess\Filter.cpp">
			<Filter>Src\Linderdaum\Scene\Postprocess</Filter>
		</ClCompile>
		<ClCompile Include="Src\Linderdaum\Scene\Postprocess\HDRPP.cpp">
			<Filter>Src\Linderdaum\Scene\Postprocess</Filter>
		</ClCompile>
		<ClCompile Include="Src\Linderdaum\Scene\Postprocess\iPostprocessor.cpp">
			<Filter>Src\Linderdaum\Scene\Postprocess</Filter>
		</ClCompile>
		<ClCompile Include="Src\Linderdaum\Scene\Postprocess\MLAA.cpp">
			<Filter>Src\Linderdaum\Scene\Postprocess</Filter>
		</ClCompile>
		<ClCompile Include="Src\Linderdaum\Scene\Postprocess\RenderingTechnique.cpp">
			<Filter>Src\Linderdaum\Scene\Postprocess</Filter>
		</ClCompile>
		<ClCompile Include="Src\Linderdaum\Scene\Scene.cpp">
			<Filter>Src\Linderdaum\Scene</Filter>
		</ClCompile>
		<ClCompile Include="Src\Linderdaum\Scene\Terrain\Terrain.cpp">
			<Filter>Src\Linderdaum\Scene\Terrain</Filter>
		</ClCompile>
		<ClCompile Include="Src\Linderdaum\SysEnv.cpp">
			<Filter>Src\Linderdaum</Filter>
		</ClCompile>
		<ClCompile Include="Src\Linderdaum\UnitTests\Tests.cpp">
			<Filter>Src\Linderdaum\UnitTests</Filter>
		</ClCompile>
		<ClCompile Include="Src\Linderdaum\Utils\DateTime.cpp">
			<Filter>Src\Linderdaum\Utils</Filter>
		</ClCompile>
		<ClCompile Include="Src\Linderdaum\Utils\Event.cpp">
			<Filter>Src\Linderdaum\Utils</Filter>
		</ClCompile>
		<ClCompile Include="Src\Linderdaum\Utils\Exceptions.cpp">
			<Filter>Src\Linderdaum\Utils</Filter>
		</ClCompile>
		<ClCompile Include="Src\Linderdaum\Utils\LArray.cpp">
			<Filter>Src\Linderdaum\Utils</Filter>
		</ClCompile>
		<ClCompile Include="Src\Linderdaum\Utils\Library.cpp">
			<Filter>Src\Linderdaum\Utils</Filter>
		</ClCompile>
		<ClCompile Include="Src\Linderdaum\Utils\Localizer.cpp">
			<Filter>Src\Linderdaum\Utils</Filter>
		</ClCompile>
		<ClCompile Include="Src\Linderdaum\Utils\Screen.cpp">
			<Filter>Src\Linderdaum\Utils</Filter>
		</ClCompile>
		<ClCompile Include="Src\Linderdaum\Utils\Thread.cpp">
			<Filter>Src\Linderdaum\Utils</Filter>
		</ClCompile>
		<ClCompile Include="Src\Linderdaum\Utils\Utils.cpp">
			<Filter>Src\Linderdaum\Utils</Filter>
		</ClCompile>
		<ClCompile Include="Src\Linderdaum\Utils\Viewport.cpp">
			<Filter>Src\Linderdaum\Utils</Filter>
		</ClCompile>
		<ClCompile Include="Src\Linderdaum\VisualScene\CameraPositioner.cpp">
			<Filter>Src\Linderdaum\VisualScene</Filter>
		</ClCompile>
		<ClCompile Include="Src\Linderdaum\VisualScene\Edit.cpp">
			<Filter>Src\Linderdaum\VisualScene</Filter>
		</ClCompile>
		<ClCompile Include="Src\Linderdaum\VisualScene\Gizmos.cpp">
			<Filter>Src\Linderdaum\VisualScene</Filter>
		</ClCompile>
		<ClCompile Include="Src\Linderdaum\VisualScene\Prefab.cpp">
			<Filter>Src\Linderdaum\VisualScene</Filter>
		</ClCompile>
		<ClCompile Include="Src\Linderdaum\VisualScene\Trajectory.cpp">
			<Filter>Src\Linderdaum\VisualScene</Filter>
		</ClCompile>
		<ClCompile Include="Src\Linderdaum\VisualScene\VisualCamera.cpp">
			<Filter>Src\Linderdaum\VisualScene</Filter>
		</ClCompile>
		<ClCompile Include="Src\Linderdaum\VisualScene\VisualGraph.cpp">
			<Filter>Src\Linderdaum\VisualScene</Filter>
		</ClCompile>
		<ClCompile Include="Src\Linderdaum\VisualScene\VisualObject.cpp">
			<Filter>Src\Linderdaum\VisualScene</Filter>
		</ClCompile>
		<ClCompile Include="Src\Linderdaum\VisualScene\VisualProjector.cpp">
			<Filter>Src\Linderdaum\VisualScene</Filter>
		</ClCompile>
		<ClCompile Include="Src\Linderdaum\VisualScene\VisualRenderables.cpp">
			<Filter>Src\Linderdaum\VisualScene</Filter>
		</ClCompile>
		<ClCompile Include="Src\Linderdaum\VisualScene\VisualScene.cpp">
			<Filter>Src\Linderdaum\VisualScene</Filter>
		</ClCompile>
		<ClCompile Include="Src\Linderdaum\World\AI\Behaviour.cpp">
			<Filter>Src\Linderdaum\World\AI</Filter>
		</ClCompile>
		<ClCompile Include="Src\Linderdaum\World\AI\Pathfinder.cpp">
			<Filter>Src\Linderdaum\World\AI</Filter>
		</ClCompile>
		<ClCompile Include="Src\Linderdaum\World\Entity.cpp">
			<Filter>Src\Linderdaum\World</Filter>
		</ClCompile>
		<ClCompile Include="Src\Linderdaum\World\HighScores.cpp">
			<Filter>Src\Linderdaum\World</Filter>
		</ClCompile>
		<ClCompile Include="Src\Linderdaum\World\iActor.cpp">
			<Filter>Src\Linderdaum\World</Filter>
		</ClCompile>
		<ClCompile Include="Src\Linderdaum\World\World.cpp">
			<Filter>Src\Linderdaum\World</Filter>
		</ClCompile>
	</ItemGroup>
	<ItemGroup>
		<ClInclude Include="Src\ExtLibs\CL\cl.h">
			<Filter>Src\ExtLibs\CL</Filter>
		</ClInclude>
		<ClInclude Include="Src\ExtLibs\CL\cl_d3d10.h">
			<Filter>Src\ExtLibs\CL</Filter>
		</ClInclude>
		<ClInclude Include="Src\ExtLibs\CL\cl_ext.h">
			<Filter>Src\ExtLibs\CL</Filter>
		</ClInclude>
		<ClInclude Include="Src\ExtLibs\CL\cl_gl.h">
			<Filter>Src\ExtLibs\CL</Filter>
		</ClInclude>
		<ClInclude Include="Src\ExtLibs\CL\cl_gl_ext.h">
			<Filter>Src\ExtLibs\CL</Filter>
		</ClInclude>
		<ClInclude Include="Src\ExtLibs\CL\cl_platform.h">
			<Filter>Src\ExtLibs\CL</Filter>
		</ClInclude>
		<ClInclude Include="Src\ExtLibs\CL\opencl.h">
			<Filter>Src\ExtLibs\CL</Filter>
		</ClInclude>
		<ClInclude Include="Src\ExtLibs\DInput\dinput.h">
			<Filter>Src\ExtLibs\DInput</Filter>
		</ClInclude>
		<ClInclude Include="Src\ExtLibs\FMOD\fmod.h">
			<Filter>Src\ExtLibs\FMOD</Filter>
		</ClInclude>
		<ClInclude Include="Src\ExtLibs\FMOD\fmod.hpp">
			<Filter>Src\ExtLibs\FMOD</Filter>
		</ClInclude>
		<ClInclude Include="Src\ExtLibs\FMOD\fmod_codec.h">
			<Filter>Src\ExtLibs\FMOD</Filter>
		</ClInclude>
		<ClInclude Include="Src\ExtLibs\FMOD\fmod_dsp.h">
			<Filter>Src\ExtLibs\FMOD</Filter>
		</ClInclude>
		<ClInclude Include="Src\ExtLibs\FMOD\fmod_errors.h">
			<Filter>Src\ExtLibs\FMOD</Filter>
		</ClInclude>
		<ClInclude Include="Src\ExtLibs\FMOD\fmod_memoryinfo.h">
			<Filter>Src\ExtLibs\FMOD</Filter>
		</ClInclude>
		<ClInclude Include="Src\ExtLibs\FMOD\fmod_output.h">
			<Filter>Src\ExtLibs\FMOD</Filter>
		</ClInclude>
		<ClInclude Include="Src\ExtLibs\GL\gl3.h">
			<Filter>Src\ExtLibs\GL</Filter>
		</ClInclude>
		<ClInclude Include="Src\ExtLibs\GL\glxext.h">
			<Filter>Src\ExtLibs\GL</Filter>
		</ClInclude>
		<ClInclude Include="Src\ExtLibs\GL\wglext.h">
			<Filter>Src\ExtLibs\GL</Filter>
		</ClInclude>
		<ClInclude Include="Src\ExtLibs\half.h">
			<Filter>Src\ExtLibs</Filter>
		</ClInclude>
		<ClInclude Include="Src\ExtLibs\micropather.h">
			<Filter>Src\ExtLibs</Filter>
		</ClInclude>
		<ClInclude Include="Src\ExtLibs\ModPlug\modplug.h">
			<Filter>Src\ExtLibs\ModPlug</Filter>
		</ClInclude>
		<ClInclude Include="Src\ExtLibs\OpenAL\al.h">
			<Filter>Src\ExtLibs\OpenAL</Filter>
		</ClInclude>
		<ClInclude Include="Src\ExtLibs\OpenAL\alc.h">
			<Filter>Src\ExtLibs\OpenAL</Filter>
		</ClInclude>
		<ClInclude Include="Src\ExtLibs\OpenAL\alctypes.h">
			<Filter>Src\ExtLibs\OpenAL</Filter>
		</ClInclude>
		<ClInclude Include="Src\ExtLibs\OpenAL\altypes.h">
			<Filter>Src\ExtLibs\OpenAL</Filter>
		</ClInclude>
		<ClInclude Include="Src\ExtLibs\OpenAL\alut.h">
			<Filter>Src\ExtLibs\OpenAL</Filter>
		</ClInclude>
		<ClInclude Include="Src\ExtLibs\RSC\compiler_funcs.h">
			<Filter>Src\ExtLibs\RSC</Filter>
		</ClInclude>
		<ClInclude Include="Src\ExtLibs\RSC\compiler_log_interface.h">
			<Filter>Src\ExtLibs\RSC</Filter>
		</ClInclude>
		<ClInclude Include="Src\ExtLibs\RSC\compiler_types.h">
			<Filter>Src\ExtLibs\RSC</Filter>
		</ClInclude>
		<ClInclude Include="Src\ExtLibs\RSC\interface_defs.h">
			<Filter>Src\ExtLibs\RSC</Filter>
		</ClInclude>
		<ClInclude Include="Src\ExtLibs\RSC\sys_interface.h">
			<Filter>Src\ExtLibs\RSC</Filter>
		</ClInclude>
		<ClInclude Include="Src\ExtLibs\Vorbis\codec.h">
			<Filter>Src\ExtLibs\Vorbis</Filter>
		</ClInclude>
		<ClInclude Include="Src\ExtLibs\Vorbis\link_funcs.h">
			<Filter>Src\ExtLibs\Vorbis</Filter>
		</ClInclude>
		<ClInclude Include="Src\ExtLibs\Vorbis\ogg\config_types.h">
			<Filter>Src\ExtLibs\Vorbis\ogg</Filter>
		</ClInclude>
		<ClInclude Include="Src\ExtLibs\Vorbis\ogg\ogg.h">
			<Filter>Src\ExtLibs\Vorbis\ogg</Filter>
		</ClInclude>
		<ClInclude Include="Src\ExtLibs\Vorbis\ogg\os_types.h">
			<Filter>Src\ExtLibs\Vorbis\ogg</Filter>
		</ClInclude>
		<ClInclude Include="Src\ExtLibs\Vorbis\vorbisfile.h">
			<Filter>Src\ExtLibs\Vorbis</Filter>
		</ClInclude>
		<ClInclude Include="Src\Generated\AsyncCapsule.h">
			<Filter>Src\Generated</Filter>
		</ClInclude>
		<ClInclude Include="Src\Generated\CoreExport_Includes.h">
			<Filter>Src\Generated</Filter>
		</ClInclude>
		<ClInclude Include="Src\Generated\CoreSerialization_Defs.h">
			<Filter>Src\Generated</Filter>
		</ClInclude>
		<ClInclude Include="Src\Generated\Exports\clBehaviour_Tunneller.h">
			<Filter>Src\Generated\Exports</Filter>
		</ClInclude>
		<ClInclude Include="Src\Generated\Exports\clCompositeBehaviour_Tunneller.h">
			<Filter>Src\Generated\Exports</Filter>
		</ClInclude>
		<ClInclude Include="Src\Generated\Exports\clEntity_Tunneller.h">
			<Filter>Src\Generated\Exports</Filter>
		</ClInclude>
		<ClInclude Include="Src\Generated\Exports\clFilterPostprocessor_Tunneller.h">
			<Filter>Src\Generated\Exports</Filter>
		</ClInclude>
		<ClInclude Include="Src\Generated\Exports\clFlingHandler2_Tunneller.h">
			<Filter>Src\Generated\Exports</Filter>
		</ClInclude>
		<ClInclude Include="Src\Generated\Exports\clFlingHandler_Tunneller.h">
			<Filter>Src\Generated\Exports</Filter>
		</ClInclude>
		<ClInclude Include="Src\Generated\Exports\clGestureHandler_Tunneller.h">
			<Filter>Src\Generated\Exports</Filter>
		</ClInclude>
		<ClInclude Include="Src\Generated\Exports\clGUITransitionPage_Tunneller.h">
			<Filter>Src\Generated\Exports</Filter>
		</ClInclude>
		<ClInclude Include="Src\Generated\Exports\clGUIWindow_Tunneller.h">
			<Filter>Src\Generated\Exports</Filter>
		</ClInclude>
		<ClInclude Include="Src\Generated\Exports\clHighScores_Tunneller.h">
			<Filter>Src\Generated\Exports</Filter>
		</ClInclude>
		<ClInclude Include="Src\Generated\Exports\clParallel_Tunneller.h">
			<Filter>Src\Generated\Exports</Filter>
		</ClInclude>
		<ClInclude Include="Src\Generated\Exports\clPinchZoomHandler_Tunneller.h">
			<Filter>Src\Generated\Exports</Filter>
		</ClInclude>
		<ClInclude Include="Src\Generated\Exports\clSelector_Tunneller.h">
			<Filter>Src\Generated\Exports</Filter>
		</ClInclude>
		<ClInclude Include="Src\Generated\Exports\clSequence_Tunneller.h">
			<Filter>Src\Generated\Exports</Filter>
		</ClInclude>
		<ClInclude Include="Src\Generated\Exports\clTestClient_Tunneller.h">
			<Filter>Src\Generated\Exports</Filter>
		</ClInclude>
		<ClInclude Include="Src\Generated\Exports\clValidator_Tunneller.h">
			<Filter>Src\Generated\Exports</Filter>
		</ClInclude>
		<ClInclude Include="Src\Generated\Exports\Exports_Core.h">
			<Filter>Src\Generated\Exports</Filter>
		</ClInclude>
		<ClInclude Include="Src\Generated\Exports\iActor_Tunneller.h">
			<Filter>Src\Generated\Exports</Filter>
		</ClInclude>
		<ClInclude Include="Src\Generated\Exports\iApplet_Tunneller.h">
			<Filter>Src\Generated\Exports</Filter>
		</ClInclude>
		<ClInclude Include="Src\Generated\Exports\iCameraPositioner_Tunneller.h">
			<Filter>Src\Generated\Exports</Filter>
		</ClInclude>
		<ClInclude Include="Src\Generated\Exports\iKernel2D_Tunneller.h">
			<Filter>Src\Generated\Exports</Filter>
		</ClInclude>
		<ClInclude Include="Src\Generated\Exports\iObject_Tunneller.h">
			<Filter>Src\Generated\Exports</Filter>
		</ClInclude>
		<ClInclude Include="Src\Generated\Exports\iPlacementConstraint_Tunneller.h">
			<Filter>Src\Generated\Exports</Filter>
		</ClInclude>
		<ClInclude Include="Src\Generated\Exports\iPostprocessor_Tunneller.h">
			<Filter>Src\Generated\Exports</Filter>
		</ClInclude>
		<ClInclude Include="Src\Generated\Exports\iQuery_Tunneller.h">
			<Filter>Src\Generated\Exports</Filter>
		</ClInclude>
		<ClInclude Include="Src\Generated\Exports\iStringsApplet_Tunneller.h">
			<Filter>Src\Generated\Exports</Filter>
		</ClInclude>
		<ClInclude Include="Src\Generated\Exports\iTestApplet_Tunneller.h">
			<Filter>Src\Generated\Exports</Filter>
		</ClInclude>
		<ClInclude Include="Src\Generated\Exports\iUpdater_Tunneller.h">
			<Filter>Src\Generated\Exports</Filter>
		</ClInclude>
		<ClInclude Include="Src\Generated\Exports\RigidBodyController_Tunneller.h">
			<Filter>Src\Generated\Exports</Filter>
		</ClInclude>
		<ClInclude Include="Src\Generated\Functors.h">
			<Filter>Src\Generated</Filter>
		</ClInclude>
		<ClInclude Include="Src\Generated\Globals\ColorRegistration.h">
			<Filter>Src\Generated\Globals</Filter>
		</ClInclude>
		<ClInclude Include="Src\Generated\Globals\KeySymbolsRegistration.h">
			<Filter>Src\Generated\Globals</Filter>
		</ClInclude>
		<ClInclude Include="Src\Generated\LAL\LAL.h">
			<Filter>Src\Generated\LAL</Filter>
		</ClInclude>
		<ClInclude Include="Src\Generated\LCL\LCL.h">
			<Filter>Src\Generated\LCL</Filter>
		</ClInclude>
		<ClInclude Include="Src\Generated\LGL\LGL.h">
			<Filter>Src\Generated\LGL</Filter>
		</ClInclude>
		<ClInclude Include="Src\Generated\LGL\LGLAPI.h">
			<Filter>Src\Generated\LGL</Filter>
		</ClInclude>
		<ClInclude Include="Src\Generated\LGL\LGLTracer.h">
			<Filter>Src\Generated\LGL</Filter>
		</ClInclude>
		<ClInclude Include="Src\Generated\MethodBind.h">
			<Filter>Src\Generated</Filter>
		</ClInclude>
		<ClInclude Include="Src\Generated\VM\ExecThread_MtdArray.h">
			<Filter>Src\Generated\VM</Filter>
		</ClInclude>
		<ClInclude Include="Src\Generated\VM\ExecThread_MtdList.h">
			<Filter>Src\Generated\VM</Filter>
		</ClInclude>
		<ClInclude Include="Src\Generated\VM\LOpCodes.h">
			<Filter>Src\Generated\VM</Filter>
		</ClInclude>
		<ClInclude Include="Src\Linderdaum\Audio\Audio.h">
			<Filter>Src\Linderdaum\Audio</Filter>
		</ClInclude>
		<ClInclude Include="Src\Linderdaum\Audio\Audio_FMOD.h">
			<Filter>Src\Linderdaum\Audio</Filter>
		</ClInclude>
		<ClInclude Include="Src\Linderdaum\Audio\Audio_OpenAL.h">
			<Filter>Src\Linderdaum\Audio</Filter>
		</ClInclude>
		<ClInclude Include="Src\Linderdaum\Audio\MOD.h">
			<Filter>Src\Linderdaum\Audio</Filter>
		</ClInclude>
		<ClInclude Include="Src\Linderdaum\Audio\OGG.h">
			<Filter>Src\Linderdaum\Audio</Filter>
		</ClInclude>
		<ClInclude Include="Src\Linderdaum\Audio\WAV.h">
			<Filter>Src\Linderdaum\Audio</Filter>
		</ClInclude>
		<ClInclude Include="Src\Linderdaum\Core\Console.h">
			<Filter>Src\Linderdaum\Core</Filter>
		</ClInclude>
		<ClInclude Include="Src\Linderdaum\Core\CVars.h">
			<Filter>Src\Linderdaum\Core</Filter>
		</ClInclude>
		<ClInclude Include="Src\Linderdaum\Core\iIntrusivePtr.h">
			<Filter>Src\Linderdaum\Core</Filter>
		</ClInclude>
		<ClInclude Include="Src\Linderdaum\Core\iObject.h">
			<Filter>Src\Linderdaum\Core</Filter>
		</ClInclude>
		<ClInclude Include="Src\Linderdaum\Core\Linker.h">
			<Filter>Src\Linderdaum\Core</Filter>
		</ClInclude>
		<ClInclude Include="Src\Linderdaum\Core\Logger.h">
			<Filter>Src\Linderdaum\Core</Filter>
		</ClInclude>
		<ClInclude Include="Src\Linderdaum\Core\RTTI\Field.h">
			<Filter>Src\Linderdaum\Core\RTTI</Filter>
		</ClInclude>
		<ClInclude Include="Src\Linderdaum\Core\RTTI\FieldBinding.h">
			<Filter>Src\Linderdaum\Core\RTTI</Filter>
		</ClInclude>
		<ClInclude Include="Src\Linderdaum\Core\RTTI\iStaticClass.h">
			<Filter>Src\Linderdaum\Core\RTTI</Filter>
		</ClInclude>
		<ClInclude Include="Src\Linderdaum\Core\RTTI\Method.h">
			<Filter>Src\Linderdaum\Core\RTTI</Filter>
		</ClInclude>
		<ClInclude Include="Src\Linderdaum\Core\RTTI\Parameters.h">
			<Filter>Src\Linderdaum\Core\RTTI</Filter>
		</ClInclude>
		<ClInclude Include="Src\Linderdaum\Core\RTTI\Property.h">
			<Filter>Src\Linderdaum\Core\RTTI</Filter>
		</ClInclude>
		<ClInclude Include="Src\Linderdaum\Core\RTTI\PropertyMacros.h">
			<Filter>Src\Linderdaum\Core\RTTI</Filter>
		</ClInclude>
		<ClInclude Include="Src\Linderdaum\Core\RTTI\State.h">
			<Filter>Src\Linderdaum\Core\RTTI</Filter>
		</ClInclude>
		<ClInclude Include="Src\Linderdaum\Core\RTTI\Symbol.h">
			<Filter>Src\Linderdaum\Core\RTTI</Filter>
		</ClInclude>
		<ClInclude Include="Src\Linderdaum\Core\Script.h">
			<Filter>Src\Linderdaum\Core</Filter>
		</ClInclude>
		<ClInclude Include="Src\Linderdaum\Core\ScriptCompiler.h">
			<Filter>Src\Linderdaum\Core</Filter>
		</ClInclude>
		<ClInclude Include="Src\Linderdaum\Core\UUID.h">
			<Filter>Src\Linderdaum\Core</Filter>
		</ClInclude>
		<ClInclude Include="Src\Linderdaum\Core\VFS\Archive.h">
			<Filter>Src\Linderdaum\Core\VFS</Filter>
		</ClInclude>
		<ClInclude Include="Src\Linderdaum\Core\VFS\Files.h">
			<Filter>Src\Linderdaum\Core\VFS</Filter>
		</ClInclude>
		<ClInclude Include="Src\Linderdaum\Core\VFS\FileSystem.h">
			<Filter>Src\Linderdaum\Core\VFS</Filter>
		</ClInclude>
		<ClInclude Include="Src\Linderdaum\Core\VFS\iIStream.h">
			<Filter>Src\Linderdaum\Core\VFS</Filter>
		</ClInclude>
		<ClInclude Include="Src\Linderdaum\Core\VFS\iOStream.h">
			<Filter>Src\Linderdaum\Core\VFS</Filter>
		</ClInclude>
		<ClInclude Include="Src\Linderdaum\Core\VFS\libcompress.h">
			<Filter>Src\Linderdaum\Core\VFS</Filter>
		</ClInclude>
		<ClInclude Include="Src\Linderdaum\Core\VFS\ML.h">
			<Filter>Src\Linderdaum\Core\VFS</Filter>
		</ClInclude>
		<ClInclude Include="Src\Linderdaum\Core\VFS\MountPoint.h">
			<Filter>Src\Linderdaum\Core\VFS</Filter>
		</ClInclude>
		<ClInclude Include="Src\Linderdaum\Core\VFS\pugixml.hpp">
			<Filter>Src\Linderdaum\Core\VFS</Filter>
		</ClInclude>
		<ClInclude Include="Src\Linderdaum\Engine.h">
			<Filter>Src\Linderdaum</Filter>
		</ClInclude>
		<ClInclude Include="Src\Linderdaum\Environment.h">
			<Filter>Src\Linderdaum</Filter>
		</ClInclude>
		<ClInclude Include="Src\Linderdaum\Geometry\Animation.h">
			<Filter>Src\Linderdaum\Geometry</Filter>
		</ClInclude>
		<ClInclude Include="Src\Linderdaum\Geometry\AnimSequence.h">
			<Filter>Src\Linderdaum\Geometry</Filter>
		</ClInclude>
		<ClInclude Include="Src\Linderdaum\Geometry\ASE.h">
			<Filter>Src\Linderdaum\Geometry</Filter>
		</ClInclude>
		<ClInclude Include="Src\Linderdaum\Geometry\AttribStream.h">
			<Filter>Src\Linderdaum\Geometry</Filter>
		</ClInclude>
		<ClInclude Include="Src\Linderdaum\Geometry\Geom.h">
			<Filter>Src\Linderdaum\Geometry</Filter>
		</ClInclude>
		<ClInclude Include="Src\Linderdaum\Geometry\GeomServ.h">
			<Filter>Src\Linderdaum\Geometry</Filter>
		</ClInclude>
		<ClInclude Include="Src\Linderdaum\Geometry\Joints.h">
			<Filter>Src\Linderdaum\Geometry</Filter>
		</ClInclude>
		<ClInclude Include="Src\Linderdaum\Geometry\LCM.h">
			<Filter>Src\Linderdaum\Geometry</Filter>
		</ClInclude>
		<ClInclude Include="Src\Linderdaum\Geometry\MD5.h">
			<Filter>Src\Linderdaum\Geometry</Filter>
		</ClInclude>
		<ClInclude Include="Src\Linderdaum\Geometry\Mesh.h">
			<Filter>Src\Linderdaum\Geometry</Filter>
		</ClInclude>
		<ClInclude Include="Src\Linderdaum\Geometry\Surfaces.h">
			<Filter>Src\Linderdaum\Geometry</Filter>
		</ClInclude>
		<ClInclude Include="Src\Linderdaum\Geometry\VAMender.h">
			<Filter>Src\Linderdaum\Geometry</Filter>
		</ClInclude>
		<ClInclude Include="Src\Linderdaum\Geometry\VertexAttribs.h">
			<Filter>Src\Linderdaum\Geometry</Filter>
		</ClInclude>
		<ClInclude Include="Src\Linderdaum\GUI\ComCtl\I_BorderPanel.h">
			<Filter>Src\Linderdaum\GUI\ComCtl</Filter>
		</ClInclude>
		<ClInclude Include="Src\Linderdaum\GUI\ComCtl\I_Bubbles.h">
			<Filter>Src\Linderdaum\GUI\ComCtl</Filter>
		</ClInclude>
		<ClInclude Include="Src\Linderdaum\GUI\ComCtl\I_Button.h">
			<Filter>Src\Linderdaum\GUI\ComCtl</Filter>
		</ClInclude>
		<ClInclude Include="Src\Linderdaum\GUI\ComCtl\I_Checkable.h">
			<Filter>Src\Linderdaum\GUI\ComCtl</Filter>
		</ClInclude>
		<ClInclude Include="Src\Linderdaum\GUI\ComCtl\I_CheckBox.h">
			<Filter>Src\Linderdaum\GUI\ComCtl</Filter>
		</ClInclude>
		<ClInclude Include="Src\Linderdaum\GUI\ComCtl\I_ColorDial.h">
			<Filter>Src\Linderdaum\GUI\ComCtl</Filter>
		</ClInclude>
		<ClInclude Include="Src\Linderdaum\GUI\ComCtl\I_DialogWindow.h">
			<Filter>Src\Linderdaum\GUI\ComCtl</Filter>
		</ClInclude>
		<ClInclude Include="Src\Linderdaum\GUI\ComCtl\I_FSGraph.h">
			<Filter>Src\Linderdaum\GUI\ComCtl</Filter>
		</ClInclude>
		<ClInclude Include="Src\Linderdaum\GUI\ComCtl\I_Gauge.h">
			<Filter>Src\Linderdaum\GUI\ComCtl</Filter>
		</ClInclude>
		<ClInclude Include="Src\Linderdaum\GUI\ComCtl\I_InputLine.h">
			<Filter>Src\Linderdaum\GUI\ComCtl</Filter>
		</ClInclude>
		<ClInclude Include="Src\Linderdaum\GUI\ComCtl\I_ListBox.h">
			<Filter>Src\Linderdaum\GUI\ComCtl</Filter>
		</ClInclude>
		<ClInclude Include="Src\Linderdaum\GUI\ComCtl\I_Memo.h">
			<Filter>Src\Linderdaum\GUI\ComCtl</Filter>
		</ClInclude>
		<ClInclude Include="Src\Linderdaum\GUI\ComCtl\I_MtxView.h">
			<Filter>Src\Linderdaum\GUI\ComCtl</Filter>
		</ClInclude>
		<ClInclude Include="Src\Linderdaum\GUI\ComCtl\I_Page.h">
			<Filter>Src\Linderdaum\GUI\ComCtl</Filter>
		</ClInclude>
		<ClInclude Include="Src\Linderdaum\GUI\ComCtl\I_Panel.h">
			<Filter>Src\Linderdaum\GUI\ComCtl</Filter>
		</ClInclude>
		<ClInclude Include="Src\Linderdaum\GUI\ComCtl\I_PushButton.h">
			<Filter>Src\Linderdaum\GUI\ComCtl</Filter>
		</ClInclude>
		<ClInclude Include="Src\Linderdaum\GUI\ComCtl\I_RadioButton.h">
			<Filter>Src\Linderdaum\GUI\ComCtl</Filter>
		</ClInclude>
		<ClInclude Include="Src\Linderdaum\GUI\ComCtl\I_RadioGroup.h">
			<Filter>Src\Linderdaum\GUI\ComCtl</Filter>
		</ClInclude>
		<ClInclude Include="Src\Linderdaum\GUI\ComCtl\I_SceneView.h">
			<Filter>Src\Linderdaum\GUI\ComCtl</Filter>
		</ClInclude>
		<ClInclude Include="Src\Linderdaum\GUI\ComCtl\I_Scroller.h">
			<Filter>Src\Linderdaum\GUI\ComCtl</Filter>
		</ClInclude>
		<ClInclude Include="Src\Linderdaum\GUI\ComCtl\I_Sidebar.h">
			<Filter>Src\Linderdaum\GUI\ComCtl</Filter>
		</ClInclude>
		<ClInclude Include="Src\Linderdaum\GUI\ComCtl\I_Slider.h">
			<Filter>Src\Linderdaum\GUI\ComCtl</Filter>
		</ClInclude>
		<ClInclude Include="Src\Linderdaum\GUI\ComCtl\I_Splitters.h">
			<Filter>Src\Linderdaum\GUI\ComCtl</Filter>
		</ClInclude>
		<ClInclude Include="Src\Linderdaum\GUI\ComCtl\I_StaticRect.h">
			<Filter>Src\Linderdaum\GUI\ComCtl</Filter>
		</ClInclude>
		<ClInclude Include="Src\Linderdaum\GUI\ComCtl\I_StaticWidget.h">
			<Filter>Src\Linderdaum\GUI\ComCtl</Filter>
		</ClInclude>
		<ClInclude Include="Src\Linderdaum\GUI\ComCtl\I_StdConsole.h">
			<Filter>Src\Linderdaum\GUI\ComCtl</Filter>
		</ClInclude>
		<ClInclude Include="Src\Linderdaum\GUI\ComCtl\I_TabControl.h">
			<Filter>Src\Linderdaum\GUI\ComCtl</Filter>
		</ClInclude>
		<ClInclude Include="Src\Linderdaum\GUI\ComCtl\I_TransitionPage.h">
			<Filter>Src\Linderdaum\GUI\ComCtl</Filter>
		</ClInclude>
		<ClInclude Include="Src\Linderdaum\GUI\ComCtl\I_Window.h">
			<Filter>Src\Linderdaum\GUI\ComCtl</Filter>
		</ClInclude>
		<ClInclude Include="Src\Linderdaum\GUI\FlowUI.h">
			<Filter>Src\Linderdaum\GUI</Filter>
		</ClInclude>
		<ClInclude Include="Src\Linderdaum\GUI\GUIDesktop.h">
			<Filter>Src\Linderdaum\GUI</Filter>
		</ClInclude>
		<ClInclude Include="Src\Linderdaum\GUI\GUIManager.h">
			<Filter>Src\Linderdaum\GUI</Filter>
		</ClInclude>
		<ClInclude Include="Src\Linderdaum\GUI\iGUIRegion.h">
			<Filter>Src\Linderdaum\GUI</Filter>
		</ClInclude>
		<ClInclude Include="Src\Linderdaum\GUI\iGUIResponder.h">
			<Filter>Src\Linderdaum\GUI</Filter>
		</ClInclude>
		<ClInclude Include="Src\Linderdaum\GUI\iGUIView.h">
			<Filter>Src\Linderdaum\GUI</Filter>
		</ClInclude>
		<ClInclude Include="Src\Linderdaum\GUI\iValidators.h">
			<Filter>Src\Linderdaum\GUI</Filter>
		</ClInclude>
		<ClInclude Include="Src\Linderdaum\GUI\Transitions\I_CrossFade.h">
			<Filter>Src\Linderdaum\GUI\Transitions</Filter>
		</ClInclude>
		<ClInclude Include="Src\Linderdaum\GUI\Transitions\I_Slide.h">
			<Filter>Src\Linderdaum\GUI\Transitions</Filter>
		</ClInclude>
		<ClInclude Include="Src\Linderdaum\Images\Bitmap.h">
			<Filter>Src\Linderdaum\Images</Filter>
		</ClInclude>
		<ClInclude Include="Src\Linderdaum\Images\FI_SaveLoadFlags.h">
			<Filter>Src\Linderdaum\Images</Filter>
		</ClInclude>
		<ClInclude Include="Src\Linderdaum\Images\FI_Utils.h">
			<Filter>Src\Linderdaum\Images</Filter>
		</ClInclude>
		<ClInclude Include="Src\Linderdaum\Images\ft.h">
			<Filter>Src\Linderdaum\Images</Filter>
		</ClInclude>
		<ClInclude Include="Src\Linderdaum\Images\Guillotine.h">
			<Filter>Src\Linderdaum\Images</Filter>
		</ClInclude>
		<ClInclude Include="Src\Linderdaum\Images\Image.h">
			<Filter>Src\Linderdaum\Images</Filter>
		</ClInclude>
		<ClInclude Include="Src\Linderdaum\Images\ImageCache.h">
			<Filter>Src\Linderdaum\Images</Filter>
		</ClInclude>
		<ClInclude Include="Src\Linderdaum\Images\ImageList.h">
			<Filter>Src\Linderdaum\Images</Filter>
		</ClInclude>
		<ClInclude Include="Src\Linderdaum\Images\ImgLoad.h">
			<Filter>Src\Linderdaum\Images</Filter>
		</ClInclude>
		<ClInclude Include="Src\Linderdaum\Images\RAW.h">
			<Filter>Src\Linderdaum\Images</Filter>
		</ClInclude>
		<ClInclude Include="Src\Linderdaum\Images\TextRenderer.h">
			<Filter>Src\Linderdaum\Images</Filter>
		</ClInclude>
		<ClInclude Include="Src\Linderdaum\Images\VolumeLib.h">
			<Filter>Src\Linderdaum\Images</Filter>
		</ClInclude>
		<ClInclude Include="Src\Linderdaum\Input\FlowSelector.h">
			<Filter>Src\Linderdaum\Input</Filter>
		</ClInclude>
		<ClInclude Include="Src\Linderdaum\Input\Gestures.h">
			<Filter>Src\Linderdaum\Input</Filter>
		</ClInclude>
		<ClInclude Include="Src\Linderdaum\Input\Gestures2.h">
			<Filter>Src\Linderdaum\Input</Filter>
		</ClInclude>
		<ClInclude Include="Src\Linderdaum\Input\Input.h">
			<Filter>Src\Linderdaum\Input</Filter>
		</ClInclude>
		<ClInclude Include="Src\Linderdaum\Input\NetDevices.h">
			<Filter>Src\Linderdaum\Input</Filter>
		</ClInclude>
		<ClInclude Include="Src\Linderdaum\Input\OSInput.h">
			<Filter>Src\Linderdaum\Input</Filter>
		</ClInclude>
		<ClInclude Include="Src\Linderdaum\Input\ScreenJoystick.h">
			<Filter>Src\Linderdaum\Input</Filter>
		</ClInclude>
		<ClInclude Include="Src\Linderdaum\LColors.h">
			<Filter>Src\Linderdaum</Filter>
		</ClInclude>
		<ClInclude Include="Src\Linderdaum\LKeys.h">
			<Filter>Src\Linderdaum</Filter>
		</ClInclude>
		<ClInclude Include="Src\Linderdaum\LString.h">
			<Filter>Src\Linderdaum</Filter>
		</ClInclude>
		<ClInclude Include="Src\Linderdaum\Math\Collision.h">
			<Filter>Src\Linderdaum\Math</Filter>
		</ClInclude>
		<ClInclude Include="Src\Linderdaum\Math\LAABB.h">
			<Filter>Src\Linderdaum\Math</Filter>
		</ClInclude>
		<ClInclude Include="Src\Linderdaum\Math\LBlending.h">
			<Filter>Src\Linderdaum\Math</Filter>
		</ClInclude>
		<ClInclude Include="Src\Linderdaum\Math\LBox.h">
			<Filter>Src\Linderdaum\Math</Filter>
		</ClInclude>
		<ClInclude Include="Src\Linderdaum\Math\LCurve.h">
			<Filter>Src\Linderdaum\Math</Filter>
		</ClInclude>
		<ClInclude Include="Src\Linderdaum\Math\LFFT.h">
			<Filter>Src\Linderdaum\Math</Filter>
		</ClInclude>
		<ClInclude Include="Src\Linderdaum\Math\LFrustum.h">
			<Filter>Src\Linderdaum\Math</Filter>
		</ClInclude>
		<ClInclude Include="Src\Linderdaum\Math\LGears.h">
			<Filter>Src\Linderdaum\Math</Filter>
		</ClInclude>
		<ClInclude Include="Src\Linderdaum\Math\LGeomUtils.h">
			<Filter>Src\Linderdaum\Math</Filter>
		</ClInclude>
		<ClInclude Include="Src\Linderdaum\Math\LGraph.h">
			<Filter>Src\Linderdaum\Math</Filter>
		</ClInclude>
		<ClInclude Include="Src\Linderdaum\Math\LHash.h">
			<Filter>Src\Linderdaum\Math</Filter>
		</ClInclude>
		<ClInclude Include="Src\Linderdaum\Math\LHistogram.h">
			<Filter>Src\Linderdaum\Math</Filter>
		</ClInclude>
		<ClInclude Include="Src\Linderdaum\Math\LHull.h">
			<Filter>Src\Linderdaum\Math</Filter>
		</ClInclude>
		<ClInclude Include="Src\Linderdaum\Math\LKeyframer.h">
			<Filter>Src\Linderdaum\Math</Filter>
		</ClInclude>
		<ClInclude Include="Src\Linderdaum\Math\LLine.h">
			<Filter>Src\Linderdaum\Math</Filter>
		</ClInclude>
		<ClInclude Include="Src\Linderdaum\Math\LMath.h">
			<Filter>Src\Linderdaum\Math</Filter>
		</ClInclude>
		<ClInclude Include="Src\Linderdaum\Math\LMathStrings.h">
			<Filter>Src\Linderdaum\Math</Filter>
		</ClInclude>
		<ClInclude Include="Src\Linderdaum\Math\LMatrix.h">
			<Filter>Src\Linderdaum\Math</Filter>
		</ClInclude>
		<ClInclude Include="Src\Linderdaum\Math\LOBB.h">
			<Filter>Src\Linderdaum\Math</Filter>
		</ClInclude>
		<ClInclude Include="Src\Linderdaum\Math\LPlane.h">
			<Filter>Src\Linderdaum\Math</Filter>
		</ClInclude>
		<ClInclude Include="Src\Linderdaum\Math\LPoly.h">
			<Filter>Src\Linderdaum\Math</Filter>
		</ClInclude>
		<ClInclude Include="Src\Linderdaum\Math\LProjection.h">
			<Filter>Src\Linderdaum\Math</Filter>
		</ClInclude>
		<ClInclude Include="Src\Linderdaum\Math\LQuaternion.h">
			<Filter>Src\Linderdaum\Math</Filter>
		</ClInclude>
		<ClInclude Include="Src\Linderdaum\Math\LRandom.h">
			<Filter>Src\Linderdaum\Math</Filter>
		</ClInclude>
		<ClInclude Include="Src\Linderdaum\Math\LRect.h">
			<Filter>Src\Linderdaum\Math</Filter>
		</ClInclude>
		<ClInclude Include="Src\Linderdaum\Math\LSize.h">
			<Filter>Src\Linderdaum\Math</Filter>
		</ClInclude>
		<ClInclude Include="Src\Linderdaum\Math\LSort.h">
			<Filter>Src\Linderdaum\Math</Filter>
		</ClInclude>
		<ClInclude Include="Src\Linderdaum\Math\LSphere.h">
			<Filter>Src\Linderdaum\Math</Filter>
		</ClInclude>
		<ClInclude Include="Src\Linderdaum\Math\LTransform.h">
			<Filter>Src\Linderdaum\Math</Filter>
		</ClInclude>
		<ClInclude Include="Src\Linderdaum\Math\LVector.h">
			<Filter>Src\Linderdaum\Math</Filter>
		</ClInclude>
		<ClInclude Include="Src\Linderdaum\Math\Trackball.h">
			<Filter>Src\Linderdaum\Math</Filter>
		</ClInclude>
		<ClInclude Include="Src\Linderdaum\Network\HTTP.h">
			<Filter>Src\Linderdaum\Network</Filter>
		</ClInclude>
		<ClInclude Include="Src\Linderdaum\Network\Network.h">
			<Filter>Src\Linderdaum\Network</Filter>
		</ClInclude>
		<ClInclude Include="Src\Linderdaum\Physics\BodyControllers.h">
			<Filter>Src\Linderdaum\Physics</Filter>
		</ClInclude>
		<ClInclude Include="Src\Linderdaum\Physics\BoxLite.h">
			<Filter>Src\Linderdaum\Physics</Filter>
		</ClInclude>
		<ClInclude Include="Src\Linderdaum\Physics\BoxScene.h">
			<Filter>Src\Linderdaum\Physics</Filter>
		</ClInclude>
		<ClInclude Include="Src\Linderdaum\Physics\Collider.h">
			<Filter>Src\Linderdaum\Physics</Filter>
		</ClInclude>
		<ClInclude Include="Src\Linderdaum\Physics\CollisionIntervals.h">
			<Filter>Src\Linderdaum\Physics</Filter>
		</ClInclude>
		<ClInclude Include="Src\Linderdaum\Physics\CollisionShape.h">
			<Filter>Src\Linderdaum\Physics</Filter>
		</ClInclude>
		<ClInclude Include="Src\Linderdaum\Physics\Control.h">
			<Filter>Src\Linderdaum\Physics</Filter>
		</ClInclude>
		<ClInclude Include="Src\Linderdaum\Physics\RigidBody.h">
			<Filter>Src\Linderdaum\Physics</Filter>
		</ClInclude>
		<ClInclude Include="Src\Linderdaum\Physics\SimplePhysics.h">
			<Filter>Src\Linderdaum\Physics</Filter>
		</ClInclude>
		<ClInclude Include="Src\Linderdaum\Platform.h">
			<Filter>Src\Linderdaum</Filter>
		</ClInclude>
		<ClInclude Include="Src\Linderdaum\ProjectSetup.h">
			<Filter>Src\Linderdaum</Filter>
		</ClInclude>
		<ClInclude Include="Src\Linderdaum\Protection.h">
			<Filter>Src\Linderdaum</Filter>
		</ClInclude>
		<ClInclude Include="Src\Linderdaum\Renderer\Canvas.h">
			<Filter>Src\Linderdaum\Renderer</Filter>
		</ClInclude>
		<ClInclude Include="Src\Linderdaum\Renderer\CL\CLContext.h">
			<Filter>Src\Linderdaum\Renderer\CL</Filter>
		</ClInclude>
		<ClInclude Include="Src\Linderdaum\Renderer\DX11\DX11RenderContext.h">
			<Filter>Src\Linderdaum\Renderer\DX11</Filter>
		</ClInclude>
		<ClInclude Include="Src\Linderdaum\Renderer\GL\GLAPIContainer.h">
			<Filter>Src\Linderdaum\Renderer\GL</Filter>
		</ClInclude>
		<ClInclude Include="Src\Linderdaum\Renderer\GL\GLBuffer.h">
			<Filter>Src\Linderdaum\Renderer\GL</Filter>
		</ClInclude>
		<ClInclude Include="Src\Linderdaum\Renderer\GL\GLDebug.h">
			<Filter>Src\Linderdaum\Renderer\GL</Filter>
		</ClInclude>
		<ClInclude Include="Src\Linderdaum\Renderer\GL\GLFrameBuffer.h">
			<Filter>Src\Linderdaum\Renderer\GL</Filter>
		</ClInclude>
		<ClInclude Include="Src\Linderdaum\Renderer\GL\GLQuery.h">
			<Filter>Src\Linderdaum\Renderer\GL</Filter>
		</ClInclude>
		<ClInclude Include="Src\Linderdaum\Renderer\GL\GLRenderContext.h">
			<Filter>Src\Linderdaum\Renderer\GL</Filter>
		</ClInclude>
		<ClInclude Include="Src\Linderdaum\Renderer\GL\GLSL.h">
			<Filter>Src\Linderdaum\Renderer\GL</Filter>
		</ClInclude>
		<ClInclude Include="Src\Linderdaum\Renderer\GL\GLTexture.h">
			<Filter>Src\Linderdaum\Renderer\GL</Filter>
		</ClInclude>
		<ClInclude Include="Src\Linderdaum\Renderer\GL\GLVertexArray.h">
			<Filter>Src\Linderdaum\Renderer\GL</Filter>
		</ClInclude>
		<ClInclude Include="Src\Linderdaum\Renderer\iGPGPUContext.h">
			<Filter>Src\Linderdaum\Renderer</Filter>
		</ClInclude>
		<ClInclude Include="Src\Linderdaum\Renderer\iGPUBuffer.h">
			<Filter>Src\Linderdaum\Renderer</Filter>
		</ClInclude>
		<ClInclude Include="Src\Linderdaum\Renderer\iQuery.h">
			<Filter>Src\Linderdaum\Renderer</Filter>
		</ClInclude>
		<ClInclude Include="Src\Linderdaum\Renderer\iRenderContext.h">
			<Filter>Src\Linderdaum\Renderer</Filter>
		</ClInclude>
		<ClInclude Include="Src\Linderdaum\Renderer\iRenderTarget.h">
			<Filter>Src\Linderdaum\Renderer</Filter>
		</ClInclude>
		<ClInclude Include="Src\Linderdaum\Renderer\iShaderProgram.h">
			<Filter>Src\Linderdaum\Renderer</Filter>
		</ClInclude>
		<ClInclude Include="Src\Linderdaum\Renderer\iTexture.h">
			<Filter>Src\Linderdaum\Renderer</Filter>
		</ClInclude>
		<ClInclude Include="Src\Linderdaum\Renderer\iVertexArray.h">
			<Filter>Src\Linderdaum\Renderer</Filter>
		</ClInclude>
		<ClInclude Include="Src\Linderdaum\Renderer\RenderState.h">
			<Filter>Src\Linderdaum\Renderer</Filter>
		</ClInclude>
		<ClInclude Include="Src\Linderdaum\Renderer\Soft\SoftFrameBuffer.h">
			<Filter>Src\Linderdaum\Renderer\Soft</Filter>
		</ClInclude>
		<ClInclude Include="Src\Linderdaum\Renderer\Soft\SoftRenderContext.h">
			<Filter>Src\Linderdaum\Renderer\Soft</Filter>
		</ClInclude>
		<ClInclude Include="Src\Linderdaum\Renderer\Soft\SoftShaderProgram.h">
			<Filter>Src\Linderdaum\Renderer\Soft</Filter>
		</ClInclude>
		<ClInclude Include="Src\Linderdaum\Renderer\Soft\SoftTexture.h">
			<Filter>Src\Linderdaum\Renderer\Soft</Filter>
		</ClInclude>
		<ClInclude Include="Src\Linderdaum\Renderer\Soft\SoftVertexArray.h">
			<Filter>Src\Linderdaum\Renderer\Soft</Filter>
		</ClInclude>
		<ClInclude Include="Src\Linderdaum\Renderer\VolumeRenderer.h">
			<Filter>Src\Linderdaum\Renderer</Filter>
		</ClInclude>
		<ClInclude Include="Src\Linderdaum\Resources\iResource.h">
			<Filter>Src\Linderdaum\Resources</Filter>
		</ClInclude>
		<ClInclude Include="Src\Linderdaum\Resources\iVideoDecoder.h">
			<Filter>Src\Linderdaum\Resources</Filter>
		</ClInclude>
		<ClInclude Include="Src\Linderdaum\Resources\iVideoEncoder.h">
			<Filter>Src\Linderdaum\Resources</Filter>
		</ClInclude>
		<ClInclude Include="Src\Linderdaum\Resources\ResourcesManager.h">
			<Filter>Src\Linderdaum\Resources</Filter>
		</ClInclude>
		<ClInclude Include="Src\Linderdaum\Resources\VFW.h">
			<Filter>Src\Linderdaum\Resources</Filter>
		</ClInclude>
		<ClInclude Include="Src\Linderdaum\Scene\CSM.h">
			<Filter>Src\Linderdaum\Scene</Filter>
		</ClInclude>
		<ClInclude Include="Src\Linderdaum\Scene\GameCamera.h">
			<Filter>Src\Linderdaum\Scene</Filter>
		</ClInclude>
		<ClInclude Include="Src\Linderdaum\Scene\Heightmaps\HeightDataProvider.h">
			<Filter>Src\Linderdaum\Scene\Heightmaps</Filter>
		</ClInclude>
		<ClInclude Include="Src\Linderdaum\Scene\Heightmaps\HeightMapFacetter.h">
			<Filter>Src\Linderdaum\Scene\Heightmaps</Filter>
		</ClInclude>
		<ClInclude Include="Src\Linderdaum\Scene\Heightmaps\LHeightMap.h">
			<Filter>Src\Linderdaum\Scene\Heightmaps</Filter>
		</ClInclude>
		<ClInclude Include="Src\Linderdaum\Scene\iUpdater.h">
			<Filter>Src\Linderdaum\Scene</Filter>
		</ClInclude>
		<ClInclude Include="Src\Linderdaum\Scene\LVLib.h">
			<Filter>Src\Linderdaum\Scene</Filter>
		</ClInclude>
		<ClInclude Include="Src\Linderdaum\Scene\Material.h">
			<Filter>Src\Linderdaum\Scene</Filter>
		</ClInclude>
		<ClInclude Include="Src\Linderdaum\Scene\Particles\GPUParticles.h">
			<Filter>Src\Linderdaum\Scene\Particles</Filter>
		</ClInclude>
		<ClInclude Include="Src\Linderdaum\Scene\Particles\ParticleSystem.h">
			<Filter>Src\Linderdaum\Scene\Particles</Filter>
		</ClInclude>
		<ClInclude Include="Src\Linderdaum\Scene\Postprocess\ASSAO.h">
			<Filter>Src\Linderdaum\Scene\Postprocess</Filter>
		</ClInclude>
		<ClInclude Include="Src\Linderdaum\Scene\Postprocess\FeedbackScreen.h">
			<Filter>Src\Linderdaum\Scene\Postprocess</Filter>
		</ClInclude>
		<ClInclude Include="Src\Linderdaum\Scene\Postprocess\Filter.h">
			<Filter>Src\Linderdaum\Scene\Postprocess</Filter>
		</ClInclude>
		<ClInclude Include="Src\Linderdaum\Scene\Postprocess\HDRPP.h">
			<Filter>Src\Linderdaum\Scene\Postprocess</Filter>
		</ClInclude>
		<ClInclude Include="Src\Linderdaum\Scene\Postprocess\iPostprocessor.h">
			<Filter>Src\Linderdaum\Scene\Postprocess</Filter>
		</ClInclude>
		<ClInclude Include="Src\Linderdaum\Scene\Postprocess\MLAA.h">
			<Filter>Src\Linderdaum\Scene\Postprocess</Filter>
		</ClInclude>
		<ClInclude Include="Src\Linderdaum\Scene\Postprocess\RenderingTechnique.h">
			<Filter>Src\Linderdaum\Scene\Postprocess</Filter>
		</ClInclude>
		<ClInclude Include="Src\Linderdaum\Scene\Scene.h">
			<Filter>Src\Linderdaum\Scene</Filter>
		</ClInclude>
		<ClInclude Include="Src\Linderdaum\Scene\Terrain\Terrain.h">
			<Filter>Src\Linderdaum\Scene\Terrain</Filter>
		</ClInclude>
		<ClInclude Include="Src\Linderdaum\SysEnv.h">
			<Filter>Src\Linderdaum</Filter>
		</ClInclude>
		<ClInclude Include="Src\Linderdaum\UnitTests\Tests\Classes_Test_8.h">
			<Filter>Src\Linderdaum\UnitTests\Tests</Filter>
		</ClInclude>
		<ClInclude Include="Src\Linderdaum\UnitTests\Tests\Classes_Test_9.h">
			<Filter>Src\Linderdaum\UnitTests\Tests</Filter>
		</ClInclude>
		<ClInclude Include="Src\Linderdaum\UnitTests\Tests\Test_1.h">
			<Filter>Src\Linderdaum\UnitTests\Tests</Filter>
		</ClInclude>
		<ClInclude Include="Src\Linderdaum\UnitTests\Tests\Test_10.h">
			<Filter>Src\Linderdaum\UnitTests\Tests</Filter>
		</ClInclude>
		<ClInclude Include="Src\Linderdaum\UnitTests\Tests\Test_11.h">
			<Filter>Src\Linderdaum\UnitTests\Tests</Filter>
		</ClInclude>
		<ClInclude Include="Src\Linderdaum\UnitTests\Tests\Test_12.h">
			<Filter>Src\Linderdaum\UnitTests\Tests</Filter>
		</ClInclude>
		<ClInclude Include="Src\Linderdaum\UnitTests\Tests\Test_2.h">
			<Filter>Src\Linderdaum\UnitTests\Tests</Filter>
		</ClInclude>
		<ClInclude Include="Src\Linderdaum\UnitTests\Tests\Test_3.h">
			<Filter>Src\Linderdaum\UnitTests\Tests</Filter>
		</ClInclude>
		<ClInclude Include="Src\Linderdaum\UnitTests\Tests\Test_4.h">
			<Filter>Src\Linderdaum\UnitTests\Tests</Filter>
		</ClInclude>
		<ClInclude Include="Src\Linderdaum\UnitTests\Tests\Test_5.h">
			<Filter>Src\Linderdaum\UnitTests\Tests</Filter>
		</ClInclude>
		<ClInclude Include="Src\Linderdaum\UnitTests\Tests\Test_6.h">
			<Filter>Src\Linderdaum\UnitTests\Tests</Filter>
		</ClInclude>
		<ClInclude Include="Src\Linderdaum\UnitTests\Tests\Test_7.h">
			<Filter>Src\Linderdaum\UnitTests\Tests</Filter>
		</ClInclude>
		<ClInclude Include="Src\Linderdaum\UnitTests\Tests\Test_8.h">
			<Filter>Src\Linderdaum\UnitTests\Tests</Filter>
		</ClInclude>
		<ClInclude Include="Src\Linderdaum\UnitTests\Tests\Test_9.h">
			<Filter>Src\Linderdaum\UnitTests\Tests</Filter>
		</ClInclude>
		<ClInclude Include="Src\Linderdaum\UnitTests\Tests.h">
			<Filter>Src\Linderdaum\UnitTests</Filter>
		</ClInclude>
		<ClInclude Include="Src\Linderdaum\Utils\DateTime.h">
			<Filter>Src\Linderdaum\Utils</Filter>
		</ClInclude>
		<ClInclude Include="Src\Linderdaum\Utils\Event.h">
			<Filter>Src\Linderdaum\Utils</Filter>
		</ClInclude>
		<ClInclude Include="Src\Linderdaum\Utils\Exceptions.h">
			<Filter>Src\Linderdaum\Utils</Filter>
		</ClInclude>
		<ClInclude Include="Src\Linderdaum\Utils\iStack.h">
			<Filter>Src\Linderdaum\Utils</Filter>
		</ClInclude>
		<ClInclude Include="Src\Linderdaum\Utils\L2DBitArray.h">
			<Filter>Src\Linderdaum\Utils</Filter>
		</ClInclude>
		<ClInclude Include="Src\Linderdaum\Utils\LArray.h">
			<Filter>Src\Linderdaum\Utils</Filter>
		</ClInclude>
		<ClInclude Include="Src\Linderdaum\Utils\LBlob.h">
			<Filter>Src\Linderdaum\Utils</Filter>
		</ClInclude>
		<ClInclude Include="Src\Linderdaum\Utils\Library.h">
			<Filter>Src\Linderdaum\Utils</Filter>
		</ClInclude>
		<ClInclude Include="Src\Linderdaum\Utils\LJNI.h">
			<Filter>Src\Linderdaum\Utils</Filter>
		</ClInclude>
		<ClInclude Include="Src\Linderdaum\Utils\Localizer.h">
			<Filter>Src\Linderdaum\Utils</Filter>
		</ClInclude>
		<ClInclude Include="Src\Linderdaum\Utils\LPool.h">
			<Filter>Src\Linderdaum\Utils</Filter>
		</ClInclude>
		<ClInclude Include="Src\Linderdaum\Utils\LURL.h">
			<Filter>Src\Linderdaum\Utils</Filter>
		</ClInclude>
		<ClInclude Include="Src\Linderdaum\Utils\Mutex.h">
			<Filter>Src\Linderdaum\Utils</Filter>
		</ClInclude>
		<ClInclude Include="Src\Linderdaum\Utils\PlatformGCC.h">
			<Filter>Src\Linderdaum\Utils</Filter>
		</ClInclude>
		<ClInclude Include="Src\Linderdaum\Utils\PlatformMSVC.h">
			<Filter>Src\Linderdaum\Utils</Filter>
		</ClInclude>
		<ClInclude Include="Src\Linderdaum\Utils\Screen.h">
			<Filter>Src\Linderdaum\Utils</Filter>
		</ClInclude>
		<ClInclude Include="Src\Linderdaum\Utils\Thread.h">
			<Filter>Src\Linderdaum\Utils</Filter>
		</ClInclude>
		<ClInclude Include="Src\Linderdaum\Utils\TypeLists.h">
			<Filter>Src\Linderdaum\Utils</Filter>
		</ClInclude>
		<ClInclude Include="Src\Linderdaum\Utils\TypeTraits.h">
			<Filter>Src\Linderdaum\Utils</Filter>
		</ClInclude>
		<ClInclude Include="Src\Linderdaum\Utils\Utils.h">
			<Filter>Src\Linderdaum\Utils</Filter>
		</ClInclude>
		<ClInclude Include="Src\Linderdaum\Utils\Viewport.h">
			<Filter>Src\Linderdaum\Utils</Filter>
		</ClInclude>
		<ClInclude Include="Src\Linderdaum\VisualScene\CameraPositioner.h">
			<Filter>Src\Linderdaum\VisualScene</Filter>
		</ClInclude>
		<ClInclude Include="Src\Linderdaum\VisualScene\Edit.h">
			<Filter>Src\Linderdaum\VisualScene</Filter>
		</ClInclude>
		<ClInclude Include="Src\Linderdaum\VisualScene\Gizmos.h">
			<Filter>Src\Linderdaum\VisualScene</Filter>
		</ClInclude>
		<ClInclude Include="Src\Linderdaum\VisualScene\Prefab.h">
			<Filter>Src\Linderdaum\VisualScene</Filter>
		</ClInclude>
		<ClInclude Include="Src\Linderdaum\VisualScene\Trajectory.h">
			<Filter>Src\Linderdaum\VisualScene</Filter>
		</ClInclude>
		<ClInclude Include="Src\Linderdaum\VisualScene\VisualCamera.h">
			<Filter>Src\Linderdaum\VisualScene</Filter>
		</ClInclude>
		<ClInclude Include="Src\Linderdaum\VisualScene\VisualGraph.h">
			<Filter>Src\Linderdaum\VisualScene</Filter>
		</ClInclude>
		<ClInclude Include="Src\Linderdaum\VisualScene\VisualModifier.h">
			<Filter>Src\Linderdaum\VisualScene</Filter>
		</ClInclude>
		<ClInclude Include="Src\Linderdaum\VisualScene\VisualObject.h">
			<Filter>Src\Linderdaum\VisualScene</Filter>
		</ClInclude>
		<ClInclude Include="Src\Linderdaum\VisualScene\VisualProjector.h">
			<Filter>Src\Linderdaum\VisualScene</Filter>
		</ClInclude>
		<ClInclude Include="Src\Linderdaum\VisualScene\VisualRenderables.h">
			<Filter>Src\Linderdaum\VisualScene</Filter>
		</ClInclude>
		<ClInclude Include="Src\Linderdaum\VisualScene\VisualScene.h">
			<Filter>Src\Linderdaum\VisualScene</Filter>
		</ClInclude>
		<ClInclude Include="Src\Linderdaum\World\AI\2DUniformGrid.h">
			<Filter>Src\Linderdaum\World\AI</Filter>
		</ClInclude>
		<ClInclude Include="Src\Linderdaum\World\AI\Behaviour.h">
			<Filter>Src\Linderdaum\World\AI</Filter>
		</ClInclude>
		<ClInclude Include="Src\Linderdaum\World\AI\Pathfinder.h">
			<Filter>Src\Linderdaum\World\AI</Filter>
		</ClInclude>
		<ClInclude Include="Src\Linderdaum\World\Entity.h">
			<Filter>Src\Linderdaum\World</Filter>
		</ClInclude>
		<ClInclude Include="Src\Linderdaum\World\HighScores.h">
			<Filter>Src\Linderdaum\World</Filter>
		</ClInclude>
		<ClInclude Include="Src\Linderdaum\World\iActor.h">
			<Filter>Src\Linderdaum\World</Filter>
		</ClInclude>
		<ClInclude Include="Src\Linderdaum\World\World.h">
			<Filter>Src\Linderdaum\World</Filter>
		</ClInclude>
		<ClInclude Include="Src\Linderdaum.h">
			<Filter>Src</Filter>
		</ClInclude>
	</ItemGroup>
</Project>