<?xml version="1.0" encoding="utf-8"?>
<Project ToolsVersion="4.0" xmlns="http://schemas.microsoft.com/developer/msbuild/2003">
	<ItemGroup>
		<Filter Include="Src">
			<UniqueIdentifier>{9863c065-5583-4462-9a8a-02bf1dbb43be}</UniqueIdentifier>
		</Filter>
		<Filter Include="Src\com">
			<UniqueIdentifier>{d0d04491-fb18-4a8f-a005-4b6a12358dda}</UniqueIdentifier>
		</Filter>
		<Filter Include="Src\com\linderdaum">
			<UniqueIdentifier>{93613183-cfcc-4166-aa97-5a363e7d2fcf}</UniqueIdentifier>
		</Filter>
		<Filter Include="Src\com\linderdaum\engine">
			<UniqueIdentifier>{c6767fb3-2829-4981-864a-519bbd3e55e4}</UniqueIdentifier>
		</Filter>
	</ItemGroup>
	<ItemGroup>
		<ClCompile Include="Src\StainedGlass.cpp">
			<Filter>Src</Filter>
		</ClCompile>
	</ItemGroup>
	<ItemGroup>
	</ItemGroup>
</Project>